// !$*UTF8*$!
{
	archiveVersion = 1;
	classes = {
	};
	objectVersion = 56;
	objects = {

/* Begin PBXBuildFile section */
		D73828FA2C39E100000CA3D7 /* DBUser.swift in Sources */ = {isa = PBXBuildFile; fileRef = D73828F92C39E100000CA3D7 /* DBUser.swift */; };
		D73828FC2C39E607000CA3D7 /* MockDataLoader.swift in Sources */ = {isa = PBXBuildFile; fileRef = D73828FB2C39E607000CA3D7 /* MockDataLoader.swift */; };
		D76121B62C3711DA00E13EB5 /* GoogleSignInResultModel.swift in Sources */ = {isa = PBXBuildFile; fileRef = D76121B52C3711DA00E13EB5 /* GoogleSignInResultModel.swift */; };
		D76121B82C3711FE00E13EB5 /* AuthDataResultModel.swift in Sources */ = {isa = PBXBuildFile; fileRef = D76121B72C3711FE00E13EB5 /* AuthDataResultModel.swift */; };
		D76121BA2C375F9F00E13EB5 /* SettingsView.swift in Sources */ = {isa = PBXBuildFile; fileRef = D76121B92C375F9F00E13EB5 /* SettingsView.swift */; };
		D76121BC2C375FBB00E13EB5 /* SettingsViewModel.swift in Sources */ = {isa = PBXBuildFile; fileRef = D76121BB2C375FBB00E13EB5 /* SettingsViewModel.swift */; };
		D76121BF2C38379A00E13EB5 /* MockAuthenticationManager.swift in Sources */ = {isa = PBXBuildFile; fileRef = D76121BE2C38379A00E13EB5 /* MockAuthenticationManager.swift */; };
		D76121C12C383F8800E13EB5 /* AuthUserError.swift in Sources */ = {isa = PBXBuildFile; fileRef = D76121C02C383F8800E13EB5 /* AuthUserError.swift */; };
		D76121C52C38495800E13EB5 /* CreateAccountViewModel.swift in Sources */ = {isa = PBXBuildFile; fileRef = D76121C42C38495800E13EB5 /* CreateAccountViewModel.swift */; };
		D76121C82C384DE500E13EB5 /* CreateAccountView.swift in Sources */ = {isa = PBXBuildFile; fileRef = D76121C72C384DE500E13EB5 /* CreateAccountView.swift */; };
		D76121CA2C385BA600E13EB5 /* GoogleService-Info.plist in Resources */ = {isa = PBXBuildFile; fileRef = D76121C92C385BA600E13EB5 /* GoogleService-Info.plist */; };
		D76121CD2C38623600E13EB5 /* Utilities.swift in Sources */ = {isa = PBXBuildFile; fileRef = D76121CC2C38623600E13EB5 /* Utilities.swift */; };
		D7E083632C37096A001E46A1 /* AuthenticationView.swift in Sources */ = {isa = PBXBuildFile; fileRef = D7E083622C37096A001E46A1 /* AuthenticationView.swift */; };
		D7E083652C37097C001E46A1 /* AuthenticationViewModel.swift in Sources */ = {isa = PBXBuildFile; fileRef = D7E083642C37097C001E46A1 /* AuthenticationViewModel.swift */; };
		D7E083682C370A49001E46A1 /* GoogleSignIn in Frameworks */ = {isa = PBXBuildFile; productRef = D7E083672C370A49001E46A1 /* GoogleSignIn */; };
		D7E0836A2C370A49001E46A1 /* GoogleSignInSwift in Frameworks */ = {isa = PBXBuildFile; productRef = D7E083692C370A49001E46A1 /* GoogleSignInSwift */; };
		D7E0836E2C370B15001E46A1 /* SignInEmailView.swift in Sources */ = {isa = PBXBuildFile; fileRef = D7E0836D2C370B15001E46A1 /* SignInEmailView.swift */; };
		D7E083702C370B2C001E46A1 /* SignInEmailViewModel.swift in Sources */ = {isa = PBXBuildFile; fileRef = D7E0836F2C370B2C001E46A1 /* SignInEmailViewModel.swift */; };
		D7E083722C370B6D001E46A1 /* AuthenticationManager.swift in Sources */ = {isa = PBXBuildFile; fileRef = D7E083712C370B6D001E46A1 /* AuthenticationManager.swift */; };
		D7E083742C370D2E001E46A1 /* SignInAppleHelper.swift in Sources */ = {isa = PBXBuildFile; fileRef = D7E083732C370D2E001E46A1 /* SignInAppleHelper.swift */; };
		D7E083762C370D3D001E46A1 /* SignInGoogleHelper.swift in Sources */ = {isa = PBXBuildFile; fileRef = D7E083752C370D3D001E46A1 /* SignInGoogleHelper.swift */; };
		D7E083792C370DF6001E46A1 /* UserManager.swift in Sources */ = {isa = PBXBuildFile; fileRef = D7E083782C370DF6001E46A1 /* UserManager.swift */; };
		DE2A64E62C2F9C9600FE27F3 /* Config.swift in Sources */ = {isa = PBXBuildFile; fileRef = DE2A64E52C2F9C9600FE27F3 /* Config.swift */; };
		DE40154B2C36F8960057100D /* FirebaseAnalytics in Frameworks */ = {isa = PBXBuildFile; productRef = DE40154A2C36F8960057100D /* FirebaseAnalytics */; };
		DE40154D2C36F8960057100D /* FirebaseAnalyticsOnDeviceConversion in Frameworks */ = {isa = PBXBuildFile; productRef = DE40154C2C36F8960057100D /* FirebaseAnalyticsOnDeviceConversion */; };
		DE40154F2C36F8960057100D /* FirebaseAnalyticsSwift in Frameworks */ = {isa = PBXBuildFile; productRef = DE40154E2C36F8960057100D /* FirebaseAnalyticsSwift */; };
		DE4015572C36F8960057100D /* FirebaseAuth in Frameworks */ = {isa = PBXBuildFile; productRef = DE4015562C36F8960057100D /* FirebaseAuth */; };
		DE4015592C36F8960057100D /* FirebaseAuthCombine-Community in Frameworks */ = {isa = PBXBuildFile; productRef = DE4015582C36F8960057100D /* FirebaseAuthCombine-Community */; };
		DE40155B2C36F8960057100D /* FirebaseCrashlytics in Frameworks */ = {isa = PBXBuildFile; productRef = DE40155A2C36F8960057100D /* FirebaseCrashlytics */; };
		DE40155D2C36F8960057100D /* FirebaseDatabase in Frameworks */ = {isa = PBXBuildFile; productRef = DE40155C2C36F8960057100D /* FirebaseDatabase */; };
		DE40155F2C36F8960057100D /* FirebaseDatabaseSwift in Frameworks */ = {isa = PBXBuildFile; productRef = DE40155E2C36F8960057100D /* FirebaseDatabaseSwift */; };
		DE4015612C36F8960057100D /* FirebaseDynamicLinks in Frameworks */ = {isa = PBXBuildFile; productRef = DE4015602C36F8960057100D /* FirebaseDynamicLinks */; };
		DE4015632C36F8960057100D /* FirebaseFirestore in Frameworks */ = {isa = PBXBuildFile; productRef = DE4015622C36F8960057100D /* FirebaseFirestore */; };
		DE4015652C36F8960057100D /* FirebaseFirestoreCombine-Community in Frameworks */ = {isa = PBXBuildFile; productRef = DE4015642C36F8960057100D /* FirebaseFirestoreCombine-Community */; };
		DE4015672C36F8960057100D /* FirebaseFirestoreSwift in Frameworks */ = {isa = PBXBuildFile; productRef = DE4015662C36F8960057100D /* FirebaseFirestoreSwift */; };
		DE4015692C36F8960057100D /* FirebaseFunctions in Frameworks */ = {isa = PBXBuildFile; productRef = DE4015682C36F8960057100D /* FirebaseFunctions */; };
		DE40156B2C36F8960057100D /* FirebaseFunctionsCombine-Community in Frameworks */ = {isa = PBXBuildFile; productRef = DE40156A2C36F8960057100D /* FirebaseFunctionsCombine-Community */; };
		DE40156D2C36F8960057100D /* FirebaseInAppMessaging-Beta in Frameworks */ = {isa = PBXBuildFile; productRef = DE40156C2C36F8960057100D /* FirebaseInAppMessaging-Beta */; };
		DE40156F2C36F8960057100D /* FirebaseInAppMessagingSwift-Beta in Frameworks */ = {isa = PBXBuildFile; productRef = DE40156E2C36F8960057100D /* FirebaseInAppMessagingSwift-Beta */; };
		DE4015712C36F8960057100D /* FirebaseInstallations in Frameworks */ = {isa = PBXBuildFile; productRef = DE4015702C36F8960057100D /* FirebaseInstallations */; };
		DE4015732C36F8960057100D /* FirebaseMLModelDownloader in Frameworks */ = {isa = PBXBuildFile; productRef = DE4015722C36F8960057100D /* FirebaseMLModelDownloader */; };
		DE4015772C36F8960057100D /* FirebasePerformance in Frameworks */ = {isa = PBXBuildFile; productRef = DE4015762C36F8960057100D /* FirebasePerformance */; };
		DE4015792C36F8960057100D /* FirebaseRemoteConfig in Frameworks */ = {isa = PBXBuildFile; productRef = DE4015782C36F8960057100D /* FirebaseRemoteConfig */; };
		DE40157B2C36F8960057100D /* FirebaseRemoteConfigSwift in Frameworks */ = {isa = PBXBuildFile; productRef = DE40157A2C36F8960057100D /* FirebaseRemoteConfigSwift */; };
		DE40157D2C36F8960057100D /* FirebaseStorage in Frameworks */ = {isa = PBXBuildFile; productRef = DE40157C2C36F8960057100D /* FirebaseStorage */; };
		DE40157F2C36F8960057100D /* FirebaseStorageCombine-Community in Frameworks */ = {isa = PBXBuildFile; productRef = DE40157E2C36F8960057100D /* FirebaseStorageCombine-Community */; };
		DE6867AA2C28E07400193745 /* CardView.swift in Sources */ = {isa = PBXBuildFile; fileRef = DE6867A92C28E07400193745 /* CardView.swift */; };
		DE9A7ED72C338618008446A9 /* SelectableItem.swift in Sources */ = {isa = PBXBuildFile; fileRef = DE9A7ED62C338618008446A9 /* SelectableItem.swift */; };
		DE9A7EDB2C33867F008446A9 /* HorizontalScrollView.swift in Sources */ = {isa = PBXBuildFile; fileRef = DE9A7EDA2C33867F008446A9 /* HorizontalScrollView.swift */; };
		DE9A7EDD2C338F9A008446A9 /* BookmakerCardView.swift in Sources */ = {isa = PBXBuildFile; fileRef = DE9A7EDC2C338F9A008446A9 /* BookmakerCardView.swift */; };
		DE9A7EDF2C3396D9008446A9 /* Market.swift in Sources */ = {isa = PBXBuildFile; fileRef = DE9A7EDE2C3396D9008446A9 /* Market.swift */; };
		DEBBF8DF2C36355D00AD1E53 /* Bookmaker.swift in Sources */ = {isa = PBXBuildFile; fileRef = DEBBF8DE2C36355D00AD1E53 /* Bookmaker.swift */; };
		DEBBF8E12C36358000AD1E53 /* PlayerImageUrls.swift in Sources */ = {isa = PBXBuildFile; fileRef = DEBBF8E02C36358000AD1E53 /* PlayerImageUrls.swift */; };
		DEBBF8E32C3635B700AD1E53 /* Team.swift in Sources */ = {isa = PBXBuildFile; fileRef = DEBBF8E22C3635B700AD1E53 /* Team.swift */; };
		DEBBF8E72C3642E600AD1E53 /* CardDetailView.swift in Sources */ = {isa = PBXBuildFile; fileRef = DEBBF8E62C3642E600AD1E53 /* CardDetailView.swift */; };
		DEBBF8E92C36582600AD1E53 /* CardDetailViewModel.swift in Sources */ = {isa = PBXBuildFile; fileRef = DEBBF8E82C36582600AD1E53 /* CardDetailViewModel.swift */; };
		DED1A4B12C305EE500C1BC6F /* RemoteDataLoader.swift in Sources */ = {isa = PBXBuildFile; fileRef = DED1A4B02C305EE500C1BC6F /* RemoteDataLoader.swift */; };
		DED1A4B32C30642300C1BC6F /* URL+Endpoints.swift in Sources */ = {isa = PBXBuildFile; fileRef = DED1A4B22C30642300C1BC6F /* URL+Endpoints.swift */; };
		DED1A4B62C30662500C1BC6F /* OddsViewModel+MockData.swift in Sources */ = {isa = PBXBuildFile; fileRef = DED1A4B52C30662500C1BC6F /* OddsViewModel+MockData.swift */; };
		DED1A4B82C3067D600C1BC6F /* LoadingState.swift in Sources */ = {isa = PBXBuildFile; fileRef = DED1A4B72C3067D600C1BC6F /* LoadingState.swift */; };
		DED1A4BA2C3078DB00C1BC6F /* ViewModel.swift in Sources */ = {isa = PBXBuildFile; fileRef = DED1A4B92C3078DB00C1BC6F /* ViewModel.swift */; };
		DEDCB0012C1F967100B4A684 /* sports_odds_clientApp.swift in Sources */ = {isa = PBXBuildFile; fileRef = DEDCB0002C1F967100B4A684 /* sports_odds_clientApp.swift */; };
		DEDCB0052C1F967400B4A684 /* Assets.xcassets in Resources */ = {isa = PBXBuildFile; fileRef = DEDCB0042C1F967400B4A684 /* Assets.xcassets */; };
		DEDCB0082C1F967400B4A684 /* Preview Assets.xcassets in Resources */ = {isa = PBXBuildFile; fileRef = DEDCB0072C1F967400B4A684 /* Preview Assets.xcassets */; };
		DEDCB0152C1F97E400B4A684 /* OddsView.swift in Sources */ = {isa = PBXBuildFile; fileRef = DEDCB0142C1F97E400B4A684 /* OddsView.swift */; };
		DEDCB01C2C1F99CB00B4A684 /* HTTPClient.swift in Sources */ = {isa = PBXBuildFile; fileRef = DEDCB0192C1F99CB00B4A684 /* HTTPClient.swift */; };
		DEDCB01D2C1F99CB00B4A684 /* URLSessionHTTPClient.swift in Sources */ = {isa = PBXBuildFile; fileRef = DEDCB01A2C1F99CB00B4A684 /* URLSessionHTTPClient.swift */; };
		DEDCB01E2C1F99CB00B4A684 /* NetworkError.swift in Sources */ = {isa = PBXBuildFile; fileRef = DEDCB01B2C1F99CB00B4A684 /* NetworkError.swift */; };
		DEDCB0252C1F9AAF00B4A684 /* DataMapper.swift in Sources */ = {isa = PBXBuildFile; fileRef = DEDCB0202C1F9AAF00B4A684 /* DataMapper.swift */; };
		DEDCB0282C1F9AAF00B4A684 /* DataLoader.swift in Sources */ = {isa = PBXBuildFile; fileRef = DEDCB0232C1F9AAF00B4A684 /* DataLoader.swift */; };
		DEDCB02B2C1F9AF900B4A684 /* OddsResponse.swift in Sources */ = {isa = PBXBuildFile; fileRef = DEDCB0292C1F9AF900B4A684 /* OddsResponse.swift */; };
		DEDCB02C2C1F9AF900B4A684 /* Odds.swift in Sources */ = {isa = PBXBuildFile; fileRef = DEDCB02A2C1F9AF900B4A684 /* Odds.swift */; };
		DEDCB02F2C1F9CCD00B4A684 /* RemoteDataError.swift in Sources */ = {isa = PBXBuildFile; fileRef = DEDCB02D2C1F9CCD00B4A684 /* RemoteDataError.swift */; };
		DEDCB0352C1FA06200B4A684 /* OddsViewModel.swift in Sources */ = {isa = PBXBuildFile; fileRef = DEDCB0342C1FA06200B4A684 /* OddsViewModel.swift */; };
		DEDCB0372C1FABFE00B4A684 /* Environment.swift in Sources */ = {isa = PBXBuildFile; fileRef = DEDCB0362C1FABFE00B4A684 /* Environment.swift */; };
		DEF3209F2C31BD1F0017BA11 /* Sport.swift in Sources */ = {isa = PBXBuildFile; fileRef = DEF3209E2C31BD1F0017BA11 /* Sport.swift */; };
		DEF320A12C3205450017BA11 /* CardViewModel.swift in Sources */ = {isa = PBXBuildFile; fileRef = DEF320A02C3205450017BA11 /* CardViewModel.swift */; };
		DEF320A32C324B370017BA11 /* MainTabView.swift in Sources */ = {isa = PBXBuildFile; fileRef = DEF320A22C324B370017BA11 /* MainTabView.swift */; };
/* End PBXBuildFile section */

/* Begin PBXFileReference section */
		D73828F92C39E100000CA3D7 /* DBUser.swift */ = {isa = PBXFileReference; lastKnownFileType = sourcecode.swift; path = DBUser.swift; sourceTree = "<group>"; };
		D73828FB2C39E607000CA3D7 /* MockDataLoader.swift */ = {isa = PBXFileReference; lastKnownFileType = sourcecode.swift; path = MockDataLoader.swift; sourceTree = "<group>"; };
		D76121B52C3711DA00E13EB5 /* GoogleSignInResultModel.swift */ = {isa = PBXFileReference; lastKnownFileType = sourcecode.swift; path = GoogleSignInResultModel.swift; sourceTree = "<group>"; };
		D76121B72C3711FE00E13EB5 /* AuthDataResultModel.swift */ = {isa = PBXFileReference; lastKnownFileType = sourcecode.swift; path = AuthDataResultModel.swift; sourceTree = "<group>"; };
		D76121B92C375F9F00E13EB5 /* SettingsView.swift */ = {isa = PBXFileReference; lastKnownFileType = sourcecode.swift; path = SettingsView.swift; sourceTree = "<group>"; };
		D76121BB2C375FBB00E13EB5 /* SettingsViewModel.swift */ = {isa = PBXFileReference; lastKnownFileType = sourcecode.swift; path = SettingsViewModel.swift; sourceTree = "<group>"; };
		D76121BE2C38379A00E13EB5 /* MockAuthenticationManager.swift */ = {isa = PBXFileReference; lastKnownFileType = sourcecode.swift; path = MockAuthenticationManager.swift; sourceTree = "<group>"; };
		D76121C02C383F8800E13EB5 /* AuthUserError.swift */ = {isa = PBXFileReference; lastKnownFileType = sourcecode.swift; path = AuthUserError.swift; sourceTree = "<group>"; };
		D76121C42C38495800E13EB5 /* CreateAccountViewModel.swift */ = {isa = PBXFileReference; lastKnownFileType = sourcecode.swift; path = CreateAccountViewModel.swift; sourceTree = "<group>"; };
		D76121C72C384DE500E13EB5 /* CreateAccountView.swift */ = {isa = PBXFileReference; fileEncoding = 4; lastKnownFileType = sourcecode.swift; path = CreateAccountView.swift; sourceTree = "<group>"; };
		D76121C92C385BA600E13EB5 /* GoogleService-Info.plist */ = {isa = PBXFileReference; fileEncoding = 4; lastKnownFileType = text.plist.xml; name = "GoogleService-Info.plist"; path = "../../../Downloads/GoogleService-Info.plist"; sourceTree = "<group>"; };
		D76121CB2C385C6800E13EB5 /* Info.plist */ = {isa = PBXFileReference; lastKnownFileType = text.plist; path = Info.plist; sourceTree = "<group>"; };
		D76121CC2C38623600E13EB5 /* Utilities.swift */ = {isa = PBXFileReference; lastKnownFileType = sourcecode.swift; path = Utilities.swift; sourceTree = "<group>"; };
		D76121CE2C39B06400E13EB5 /* sports-odds-client.entitlements */ = {isa = PBXFileReference; lastKnownFileType = text.plist.entitlements; path = "sports-odds-client.entitlements"; sourceTree = "<group>"; };
		D7E083622C37096A001E46A1 /* AuthenticationView.swift */ = {isa = PBXFileReference; lastKnownFileType = sourcecode.swift; path = AuthenticationView.swift; sourceTree = "<group>"; };
		D7E083642C37097C001E46A1 /* AuthenticationViewModel.swift */ = {isa = PBXFileReference; lastKnownFileType = sourcecode.swift; path = AuthenticationViewModel.swift; sourceTree = "<group>"; };
		D7E0836D2C370B15001E46A1 /* SignInEmailView.swift */ = {isa = PBXFileReference; lastKnownFileType = sourcecode.swift; path = SignInEmailView.swift; sourceTree = "<group>"; };
		D7E0836F2C370B2C001E46A1 /* SignInEmailViewModel.swift */ = {isa = PBXFileReference; lastKnownFileType = sourcecode.swift; path = SignInEmailViewModel.swift; sourceTree = "<group>"; };
		D7E083712C370B6D001E46A1 /* AuthenticationManager.swift */ = {isa = PBXFileReference; lastKnownFileType = sourcecode.swift; path = AuthenticationManager.swift; sourceTree = "<group>"; };
		D7E083732C370D2E001E46A1 /* SignInAppleHelper.swift */ = {isa = PBXFileReference; lastKnownFileType = sourcecode.swift; path = SignInAppleHelper.swift; sourceTree = "<group>"; };
		D7E083752C370D3D001E46A1 /* SignInGoogleHelper.swift */ = {isa = PBXFileReference; lastKnownFileType = sourcecode.swift; path = SignInGoogleHelper.swift; sourceTree = "<group>"; };
		D7E083782C370DF6001E46A1 /* UserManager.swift */ = {isa = PBXFileReference; lastKnownFileType = sourcecode.swift; path = UserManager.swift; sourceTree = "<group>"; };
		DE2A64E52C2F9C9600FE27F3 /* Config.swift */ = {isa = PBXFileReference; lastKnownFileType = sourcecode.swift; path = Config.swift; sourceTree = "<group>"; };
		DE6867A92C28E07400193745 /* CardView.swift */ = {isa = PBXFileReference; lastKnownFileType = sourcecode.swift; path = CardView.swift; sourceTree = "<group>"; };
		DE9A7ED62C338618008446A9 /* SelectableItem.swift */ = {isa = PBXFileReference; lastKnownFileType = sourcecode.swift; path = SelectableItem.swift; sourceTree = "<group>"; };
		DE9A7EDA2C33867F008446A9 /* HorizontalScrollView.swift */ = {isa = PBXFileReference; lastKnownFileType = sourcecode.swift; path = HorizontalScrollView.swift; sourceTree = "<group>"; };
		DE9A7EDC2C338F9A008446A9 /* BookmakerCardView.swift */ = {isa = PBXFileReference; lastKnownFileType = sourcecode.swift; path = BookmakerCardView.swift; sourceTree = "<group>"; };
		DE9A7EDE2C3396D9008446A9 /* Market.swift */ = {isa = PBXFileReference; lastKnownFileType = sourcecode.swift; path = Market.swift; sourceTree = "<group>"; };
		DEBBF8DE2C36355D00AD1E53 /* Bookmaker.swift */ = {isa = PBXFileReference; lastKnownFileType = sourcecode.swift; path = Bookmaker.swift; sourceTree = "<group>"; };
		DEBBF8E02C36358000AD1E53 /* PlayerImageUrls.swift */ = {isa = PBXFileReference; lastKnownFileType = sourcecode.swift; path = PlayerImageUrls.swift; sourceTree = "<group>"; };
		DEBBF8E22C3635B700AD1E53 /* Team.swift */ = {isa = PBXFileReference; lastKnownFileType = sourcecode.swift; path = Team.swift; sourceTree = "<group>"; };
		DEBBF8E62C3642E600AD1E53 /* CardDetailView.swift */ = {isa = PBXFileReference; lastKnownFileType = sourcecode.swift; path = CardDetailView.swift; sourceTree = "<group>"; };
		DEBBF8E82C36582600AD1E53 /* CardDetailViewModel.swift */ = {isa = PBXFileReference; lastKnownFileType = sourcecode.swift; path = CardDetailViewModel.swift; sourceTree = "<group>"; };
		DED1A4B02C305EE500C1BC6F /* RemoteDataLoader.swift */ = {isa = PBXFileReference; lastKnownFileType = sourcecode.swift; path = RemoteDataLoader.swift; sourceTree = "<group>"; };
		DED1A4B22C30642300C1BC6F /* URL+Endpoints.swift */ = {isa = PBXFileReference; lastKnownFileType = sourcecode.swift; path = "URL+Endpoints.swift"; sourceTree = "<group>"; };
		DED1A4B52C30662500C1BC6F /* OddsViewModel+MockData.swift */ = {isa = PBXFileReference; lastKnownFileType = sourcecode.swift; path = "OddsViewModel+MockData.swift"; sourceTree = "<group>"; };
		DED1A4B72C3067D600C1BC6F /* LoadingState.swift */ = {isa = PBXFileReference; lastKnownFileType = sourcecode.swift; path = LoadingState.swift; sourceTree = "<group>"; };
		DED1A4B92C3078DB00C1BC6F /* ViewModel.swift */ = {isa = PBXFileReference; lastKnownFileType = sourcecode.swift; path = ViewModel.swift; sourceTree = "<group>"; };
		DEDCAFFD2C1F967100B4A684 /* sports-odds-client.app */ = {isa = PBXFileReference; explicitFileType = wrapper.application; includeInIndex = 0; path = "sports-odds-client.app"; sourceTree = BUILT_PRODUCTS_DIR; };
		DEDCB0002C1F967100B4A684 /* sports_odds_clientApp.swift */ = {isa = PBXFileReference; lastKnownFileType = sourcecode.swift; path = sports_odds_clientApp.swift; sourceTree = "<group>"; };
		DEDCB0042C1F967400B4A684 /* Assets.xcassets */ = {isa = PBXFileReference; lastKnownFileType = folder.assetcatalog; path = Assets.xcassets; sourceTree = "<group>"; };
		DEDCB0072C1F967400B4A684 /* Preview Assets.xcassets */ = {isa = PBXFileReference; lastKnownFileType = folder.assetcatalog; path = "Preview Assets.xcassets"; sourceTree = "<group>"; };
		DEDCB0142C1F97E400B4A684 /* OddsView.swift */ = {isa = PBXFileReference; lastKnownFileType = sourcecode.swift; path = OddsView.swift; sourceTree = "<group>"; };
		DEDCB0192C1F99CB00B4A684 /* HTTPClient.swift */ = {isa = PBXFileReference; fileEncoding = 4; lastKnownFileType = sourcecode.swift; path = HTTPClient.swift; sourceTree = "<group>"; };
		DEDCB01A2C1F99CB00B4A684 /* URLSessionHTTPClient.swift */ = {isa = PBXFileReference; fileEncoding = 4; lastKnownFileType = sourcecode.swift; path = URLSessionHTTPClient.swift; sourceTree = "<group>"; };
		DEDCB01B2C1F99CB00B4A684 /* NetworkError.swift */ = {isa = PBXFileReference; fileEncoding = 4; lastKnownFileType = sourcecode.swift; path = NetworkError.swift; sourceTree = "<group>"; };
		DEDCB0202C1F9AAF00B4A684 /* DataMapper.swift */ = {isa = PBXFileReference; fileEncoding = 4; lastKnownFileType = sourcecode.swift; path = DataMapper.swift; sourceTree = "<group>"; };
		DEDCB0232C1F9AAF00B4A684 /* DataLoader.swift */ = {isa = PBXFileReference; fileEncoding = 4; lastKnownFileType = sourcecode.swift; path = DataLoader.swift; sourceTree = "<group>"; };
		DEDCB0292C1F9AF900B4A684 /* OddsResponse.swift */ = {isa = PBXFileReference; fileEncoding = 4; lastKnownFileType = sourcecode.swift; path = OddsResponse.swift; sourceTree = "<group>"; };
		DEDCB02A2C1F9AF900B4A684 /* Odds.swift */ = {isa = PBXFileReference; fileEncoding = 4; lastKnownFileType = sourcecode.swift; path = Odds.swift; sourceTree = "<group>"; };
		DEDCB02D2C1F9CCD00B4A684 /* RemoteDataError.swift */ = {isa = PBXFileReference; fileEncoding = 4; lastKnownFileType = sourcecode.swift; path = RemoteDataError.swift; sourceTree = "<group>"; };
		DEDCB0342C1FA06200B4A684 /* OddsViewModel.swift */ = {isa = PBXFileReference; lastKnownFileType = sourcecode.swift; path = OddsViewModel.swift; sourceTree = "<group>"; };
		DEDCB0362C1FABFE00B4A684 /* Environment.swift */ = {isa = PBXFileReference; lastKnownFileType = sourcecode.swift; path = Environment.swift; sourceTree = "<group>"; };
		DEF3209E2C31BD1F0017BA11 /* Sport.swift */ = {isa = PBXFileReference; lastKnownFileType = sourcecode.swift; path = Sport.swift; sourceTree = "<group>"; };
		DEF320A02C3205450017BA11 /* CardViewModel.swift */ = {isa = PBXFileReference; lastKnownFileType = sourcecode.swift; path = CardViewModel.swift; sourceTree = "<group>"; };
		DEF320A22C324B370017BA11 /* MainTabView.swift */ = {isa = PBXFileReference; lastKnownFileType = sourcecode.swift; path = MainTabView.swift; sourceTree = "<group>"; };
/* End PBXFileReference section */

/* Begin PBXFrameworksBuildPhase section */
		DEDCAFFA2C1F967100B4A684 /* Frameworks */ = {
			isa = PBXFrameworksBuildPhase;
			buildActionMask = 2147483647;
			files = (
				DE40155D2C36F8960057100D /* FirebaseDatabase in Frameworks */,
				DE40156B2C36F8960057100D /* FirebaseFunctionsCombine-Community in Frameworks */,
				DE4015632C36F8960057100D /* FirebaseFirestore in Frameworks */,
				DE40154F2C36F8960057100D /* FirebaseAnalyticsSwift in Frameworks */,
				DE40154B2C36F8960057100D /* FirebaseAnalytics in Frameworks */,
				DE40154D2C36F8960057100D /* FirebaseAnalyticsOnDeviceConversion in Frameworks */,
				DE4015732C36F8960057100D /* FirebaseMLModelDownloader in Frameworks */,
				D7E0836A2C370A49001E46A1 /* GoogleSignInSwift in Frameworks */,
				DE4015672C36F8960057100D /* FirebaseFirestoreSwift in Frameworks */,
				DE4015572C36F8960057100D /* FirebaseAuth in Frameworks */,
				DE40155B2C36F8960057100D /* FirebaseCrashlytics in Frameworks */,
				DE40157B2C36F8960057100D /* FirebaseRemoteConfigSwift in Frameworks */,
				D7E083682C370A49001E46A1 /* GoogleSignIn in Frameworks */,
				DE40156D2C36F8960057100D /* FirebaseInAppMessaging-Beta in Frameworks */,
				DE40155F2C36F8960057100D /* FirebaseDatabaseSwift in Frameworks */,
				DE4015692C36F8960057100D /* FirebaseFunctions in Frameworks */,
				DE40157F2C36F8960057100D /* FirebaseStorageCombine-Community in Frameworks */,
				DE4015792C36F8960057100D /* FirebaseRemoteConfig in Frameworks */,
				DE4015592C36F8960057100D /* FirebaseAuthCombine-Community in Frameworks */,
				DE4015772C36F8960057100D /* FirebasePerformance in Frameworks */,
				DE40156F2C36F8960057100D /* FirebaseInAppMessagingSwift-Beta in Frameworks */,
				DE40157D2C36F8960057100D /* FirebaseStorage in Frameworks */,
				DE4015612C36F8960057100D /* FirebaseDynamicLinks in Frameworks */,
				DE4015652C36F8960057100D /* FirebaseFirestoreCombine-Community in Frameworks */,
				DE4015712C36F8960057100D /* FirebaseInstallations in Frameworks */,
			);
			runOnlyForDeploymentPostprocessing = 0;
		};
/* End PBXFrameworksBuildPhase section */

/* Begin PBXGroup section */
		D76121B42C3711CF00E13EB5 /* Models */ = {
			isa = PBXGroup;
			children = (
				D76121B52C3711DA00E13EB5 /* GoogleSignInResultModel.swift */,
				D76121B72C3711FE00E13EB5 /* AuthDataResultModel.swift */,
				D73828F92C39E100000CA3D7 /* DBUser.swift */,
			);
			path = Models;
			sourceTree = "<group>";
		};
		D76121BD2C375FD100E13EB5 /* Settings */ = {
			isa = PBXGroup;
			children = (
				D76121B92C375F9F00E13EB5 /* SettingsView.swift */,
				D76121BB2C375FBB00E13EB5 /* SettingsViewModel.swift */,
			);
			path = Settings;
			sourceTree = "<group>";
		};
		D76121C62C384DD200E13EB5 /* CreateAccount */ = {
			isa = PBXGroup;
			children = (
				D76121C72C384DE500E13EB5 /* CreateAccountView.swift */,
				D76121C42C38495800E13EB5 /* CreateAccountViewModel.swift */,
				D7E0836D2C370B15001E46A1 /* SignInEmailView.swift */,
				D7E0836F2C370B2C001E46A1 /* SignInEmailViewModel.swift */,
			);
			path = CreateAccount;
			sourceTree = "<group>";
		};
		D7E083612C3708D8001E46A1 /* Authentication */ = {
			isa = PBXGroup;
			children = (
				D76121C02C383F8800E13EB5 /* AuthUserError.swift */,
				D7E083712C370B6D001E46A1 /* AuthenticationManager.swift */,
				D76121BE2C38379A00E13EB5 /* MockAuthenticationManager.swift */,
				D7E083732C370D2E001E46A1 /* SignInAppleHelper.swift */,
				D7E083752C370D3D001E46A1 /* SignInGoogleHelper.swift */,
				D76121CC2C38623600E13EB5 /* Utilities.swift */,
				D76121B42C3711CF00E13EB5 /* Models */,
				D7E0836C2C370ADC001E46A1 /* AuthenticationView */,
			);
			path = Authentication;
			sourceTree = "<group>";
		};
		D7E0836C2C370ADC001E46A1 /* AuthenticationView */ = {
			isa = PBXGroup;
			children = (
				D7E083622C37096A001E46A1 /* AuthenticationView.swift */,
				D7E083642C37097C001E46A1 /* AuthenticationViewModel.swift */,
				D76121C62C384DD200E13EB5 /* CreateAccount */,
			);
			path = AuthenticationView;
			sourceTree = "<group>";
		};
		D7E083772C370DD7001E46A1 /* Firestore */ = {
			isa = PBXGroup;
			children = (
				D7E083782C370DF6001E46A1 /* UserManager.swift */,
			);
			path = Firestore;
			sourceTree = "<group>";
		};
		DE2A64E42C2F9C6900FE27F3 /* Models */ = {
			isa = PBXGroup;
			children = (
				DE2A64E52C2F9C9600FE27F3 /* Config.swift */,
				DEF3209E2C31BD1F0017BA11 /* Sport.swift */,
				DE9A7EDE2C3396D9008446A9 /* Market.swift */,
			);
			path = Models;
			sourceTree = "<group>";
		};
		DED1A4BB2C3078EF00C1BC6F /* Views */ = {
			isa = PBXGroup;
			children = (
				DED1A4B92C3078DB00C1BC6F /* ViewModel.swift */,
				DE9A7ED62C338618008446A9 /* SelectableItem.swift */,
				DE9A7EDA2C33867F008446A9 /* HorizontalScrollView.swift */,
			);
			path = Views;
			sourceTree = "<group>";
		};
		DEDCAFF42C1F967100B4A684 = {
			isa = PBXGroup;
			children = (
				DEDCAFFF2C1F967100B4A684 /* sports-odds-client */,
				DEDCAFFE2C1F967100B4A684 /* Products */,
			);
			sourceTree = "<group>";
		};
		DEDCAFFE2C1F967100B4A684 /* Products */ = {
			isa = PBXGroup;
			children = (
				DEDCAFFD2C1F967100B4A684 /* sports-odds-client.app */,
			);
			name = Products;
			sourceTree = "<group>";
		};
		DEDCAFFF2C1F967100B4A684 /* sports-odds-client */ = {
			isa = PBXGroup;
			children = (
				D76121CE2C39B06400E13EB5 /* sports-odds-client.entitlements */,
				D76121CB2C385C6800E13EB5 /* Info.plist */,
				D76121C92C385BA600E13EB5 /* GoogleService-Info.plist */,
				DEDCB0002C1F967100B4A684 /* sports_odds_clientApp.swift */,
				DEF320A22C324B370017BA11 /* MainTabView.swift */,
				DEDCB0312C1F9FEC00B4A684 /* Home */,
				D76121BD2C375FD100E13EB5 /* Settings */,
				D7E083772C370DD7001E46A1 /* Firestore */,
				D7E083612C3708D8001E46A1 /* Authentication */,
				DEDCB0132C1F97B600B4A684 /* Shared */,
				DEDCB0162C1F988600B4A684 /* Extensions */,
				DEDCB0042C1F967400B4A684 /* Assets.xcassets */,
				DEDCB0062C1F967400B4A684 /* Preview Content */,
			);
			path = "sports-odds-client";
			sourceTree = "<group>";
		};
		DEDCB0062C1F967400B4A684 /* Preview Content */ = {
			isa = PBXGroup;
			children = (
				DEDCB0072C1F967400B4A684 /* Preview Assets.xcassets */,
			);
			path = "Preview Content";
			sourceTree = "<group>";
		};
		DEDCB0102C1F977600B4A684 /* Models */ = {
			isa = PBXGroup;
			children = (
				DEBBF8DE2C36355D00AD1E53 /* Bookmaker.swift */,
				DEDCB02A2C1F9AF900B4A684 /* Odds.swift */,
				DEDCB0292C1F9AF900B4A684 /* OddsResponse.swift */,
				DEBBF8E02C36358000AD1E53 /* PlayerImageUrls.swift */,
				DEBBF8E22C3635B700AD1E53 /* Team.swift */,
			);
			path = Models;
			sourceTree = "<group>";
		};
		DEDCB0132C1F97B600B4A684 /* Shared */ = {
			isa = PBXGroup;
			children = (
				DEDCB0362C1FABFE00B4A684 /* Environment.swift */,
				DEDCB0182C1F993300B4A684 /* Data */,
				DEDCB0172C1F991700B4A684 /* Networking */,
				DED1A4BB2C3078EF00C1BC6F /* Views */,
			);
			path = Shared;
			sourceTree = "<group>";
		};
		DEDCB0162C1F988600B4A684 /* Extensions */ = {
			isa = PBXGroup;
			children = (
				DED1A4B22C30642300C1BC6F /* URL+Endpoints.swift */,
			);
			path = Extensions;
			sourceTree = "<group>";
		};
		DEDCB0172C1F991700B4A684 /* Networking */ = {
			isa = PBXGroup;
			children = (
				DEDCB0192C1F99CB00B4A684 /* HTTPClient.swift */,
				DEDCB01B2C1F99CB00B4A684 /* NetworkError.swift */,
				DEDCB01A2C1F99CB00B4A684 /* URLSessionHTTPClient.swift */,
			);
			path = Networking;
			sourceTree = "<group>";
		};
		DEDCB0182C1F993300B4A684 /* Data */ = {
			isa = PBXGroup;
			children = (
				DEDCB0232C1F9AAF00B4A684 /* DataLoader.swift */,
				DEDCB0202C1F9AAF00B4A684 /* DataMapper.swift */,
				DED1A4B72C3067D600C1BC6F /* LoadingState.swift */,
				DEDCB02D2C1F9CCD00B4A684 /* RemoteDataError.swift */,
				DED1A4B02C305EE500C1BC6F /* RemoteDataLoader.swift */,
				D73828FB2C39E607000CA3D7 /* MockDataLoader.swift */,
			);
			path = Data;
			sourceTree = "<group>";
		};
		DEDCB0312C1F9FEC00B4A684 /* Home */ = {
			isa = PBXGroup;
			children = (
				DEDCB0322C1FA00E00B4A684 /* OddsView */,
				DEDCB0332C1FA01900B4A684 /* CardView */,
				DE2A64E42C2F9C6900FE27F3 /* Models */,
			);
			path = Home;
			sourceTree = "<group>";
		};
		DEDCB0322C1FA00E00B4A684 /* OddsView */ = {
			isa = PBXGroup;
			children = (
				DEDCB0142C1F97E400B4A684 /* OddsView.swift */,
				DEDCB0342C1FA06200B4A684 /* OddsViewModel.swift */,
				DED1A4B52C30662500C1BC6F /* OddsViewModel+MockData.swift */,
				DEDCB0102C1F977600B4A684 /* Models */,
			);
			path = OddsView;
			sourceTree = "<group>";
		};
		DEDCB0332C1FA01900B4A684 /* CardView */ = {
			isa = PBXGroup;
			children = (
				DE9A7EDC2C338F9A008446A9 /* BookmakerCardView.swift */,
				DE6867A92C28E07400193745 /* CardView.swift */,
				DEF320A02C3205450017BA11 /* CardViewModel.swift */,
				DEBBF8E62C3642E600AD1E53 /* CardDetailView.swift */,
				DEBBF8E82C36582600AD1E53 /* CardDetailViewModel.swift */,
			);
			path = CardView;
			sourceTree = "<group>";
		};
/* End PBXGroup section */

/* Begin PBXNativeTarget section */
		DEDCAFFC2C1F967100B4A684 /* sports-odds-client */ = {
			isa = PBXNativeTarget;
			buildConfigurationList = DEDCB00B2C1F967400B4A684 /* Build configuration list for PBXNativeTarget "sports-odds-client" */;
			buildPhases = (
				DEDCAFF92C1F967100B4A684 /* Sources */,
				DEDCAFFA2C1F967100B4A684 /* Frameworks */,
				DEDCAFFB2C1F967100B4A684 /* Resources */,
			);
			buildRules = (
			);
			dependencies = (
			);
			name = "sports-odds-client";
			packageProductDependencies = (
				DE40154A2C36F8960057100D /* FirebaseAnalytics */,
				DE40154C2C36F8960057100D /* FirebaseAnalyticsOnDeviceConversion */,
				DE40154E2C36F8960057100D /* FirebaseAnalyticsSwift */,
				DE4015562C36F8960057100D /* FirebaseAuth */,
				DE4015582C36F8960057100D /* FirebaseAuthCombine-Community */,
				DE40155A2C36F8960057100D /* FirebaseCrashlytics */,
				DE40155C2C36F8960057100D /* FirebaseDatabase */,
				DE40155E2C36F8960057100D /* FirebaseDatabaseSwift */,
				DE4015602C36F8960057100D /* FirebaseDynamicLinks */,
				DE4015622C36F8960057100D /* FirebaseFirestore */,
				DE4015642C36F8960057100D /* FirebaseFirestoreCombine-Community */,
				DE4015662C36F8960057100D /* FirebaseFirestoreSwift */,
				DE4015682C36F8960057100D /* FirebaseFunctions */,
				DE40156A2C36F8960057100D /* FirebaseFunctionsCombine-Community */,
				DE40156C2C36F8960057100D /* FirebaseInAppMessaging-Beta */,
				DE40156E2C36F8960057100D /* FirebaseInAppMessagingSwift-Beta */,
				DE4015702C36F8960057100D /* FirebaseInstallations */,
				DE4015722C36F8960057100D /* FirebaseMLModelDownloader */,
				DE4015762C36F8960057100D /* FirebasePerformance */,
				DE4015782C36F8960057100D /* FirebaseRemoteConfig */,
				DE40157A2C36F8960057100D /* FirebaseRemoteConfigSwift */,
				DE40157C2C36F8960057100D /* FirebaseStorage */,
				DE40157E2C36F8960057100D /* FirebaseStorageCombine-Community */,
				D7E083672C370A49001E46A1 /* GoogleSignIn */,
				D7E083692C370A49001E46A1 /* GoogleSignInSwift */,
			);
			productName = "sports-odds-client";
			productReference = DEDCAFFD2C1F967100B4A684 /* sports-odds-client.app */;
			productType = "com.apple.product-type.application";
		};
/* End PBXNativeTarget section */

/* Begin PBXProject section */
		DEDCAFF52C1F967100B4A684 /* Project object */ = {
			isa = PBXProject;
			attributes = {
				BuildIndependentTargetsInParallel = 1;
				LastSwiftUpdateCheck = 1500;
				LastUpgradeCheck = 1500;
				TargetAttributes = {
					DEDCAFFC2C1F967100B4A684 = {
						CreatedOnToolsVersion = 15.0.1;
					};
				};
			};
			buildConfigurationList = DEDCAFF82C1F967100B4A684 /* Build configuration list for PBXProject "sports-odds-client" */;
			compatibilityVersion = "Xcode 14.0";
			developmentRegion = en;
			hasScannedForEncodings = 0;
			knownRegions = (
				en,
				Base,
			);
			mainGroup = DEDCAFF42C1F967100B4A684;
			packageReferences = (
				DE4015492C36F8960057100D /* XCRemoteSwiftPackageReference "firebase-ios-sdk" */,
				D7E083662C370A49001E46A1 /* XCRemoteSwiftPackageReference "GoogleSignIn-iOS" */,
			);
			productRefGroup = DEDCAFFE2C1F967100B4A684 /* Products */;
			projectDirPath = "";
			projectRoot = "";
			targets = (
				DEDCAFFC2C1F967100B4A684 /* sports-odds-client */,
			);
		};
/* End PBXProject section */

/* Begin PBXResourcesBuildPhase section */
		DEDCAFFB2C1F967100B4A684 /* Resources */ = {
			isa = PBXResourcesBuildPhase;
			buildActionMask = 2147483647;
			files = (
				DEDCB0082C1F967400B4A684 /* Preview Assets.xcassets in Resources */,
				D76121CA2C385BA600E13EB5 /* GoogleService-Info.plist in Resources */,
				DEDCB0052C1F967400B4A684 /* Assets.xcassets in Resources */,
			);
			runOnlyForDeploymentPostprocessing = 0;
		};
/* End PBXResourcesBuildPhase section */

/* Begin PBXSourcesBuildPhase section */
		DEDCAFF92C1F967100B4A684 /* Sources */ = {
			isa = PBXSourcesBuildPhase;
			buildActionMask = 2147483647;
			files = (
				D7E083762C370D3D001E46A1 /* SignInGoogleHelper.swift in Sources */,
				DEF320A12C3205450017BA11 /* CardViewModel.swift in Sources */,
				DEDCB0282C1F9AAF00B4A684 /* DataLoader.swift in Sources */,
				DE9A7EDD2C338F9A008446A9 /* BookmakerCardView.swift in Sources */,
				DEDCB0372C1FABFE00B4A684 /* Environment.swift in Sources */,
				DEDCB02C2C1F9AF900B4A684 /* Odds.swift in Sources */,
				DEBBF8DF2C36355D00AD1E53 /* Bookmaker.swift in Sources */,
				DEBBF8E32C3635B700AD1E53 /* Team.swift in Sources */,
				D7E0836E2C370B15001E46A1 /* SignInEmailView.swift in Sources */,
				DEDCB0252C1F9AAF00B4A684 /* DataMapper.swift in Sources */,
				DED1A4B32C30642300C1BC6F /* URL+Endpoints.swift in Sources */,
				DEDCB0152C1F97E400B4A684 /* OddsView.swift in Sources */,
				D7E083742C370D2E001E46A1 /* SignInAppleHelper.swift in Sources */,
				DEDCB0012C1F967100B4A684 /* sports_odds_clientApp.swift in Sources */,
				D76121C82C384DE500E13EB5 /* CreateAccountView.swift in Sources */,
				D76121C12C383F8800E13EB5 /* AuthUserError.swift in Sources */,
				DE9A7ED72C338618008446A9 /* SelectableItem.swift in Sources */,
				D7E083792C370DF6001E46A1 /* UserManager.swift in Sources */,
				DEF3209F2C31BD1F0017BA11 /* Sport.swift in Sources */,
				D73828FA2C39E100000CA3D7 /* DBUser.swift in Sources */,
				D76121B82C3711FE00E13EB5 /* AuthDataResultModel.swift in Sources */,
				DEF320A32C324B370017BA11 /* MainTabView.swift in Sources */,
				DEDCB01C2C1F99CB00B4A684 /* HTTPClient.swift in Sources */,
				DEDCB01D2C1F99CB00B4A684 /* URLSessionHTTPClient.swift in Sources */,
				D76121BF2C38379A00E13EB5 /* MockAuthenticationManager.swift in Sources */,
				D76121BA2C375F9F00E13EB5 /* SettingsView.swift in Sources */,
				D76121C52C38495800E13EB5 /* CreateAccountViewModel.swift in Sources */,
				D7E083652C37097C001E46A1 /* AuthenticationViewModel.swift in Sources */,
				DEDCB02F2C1F9CCD00B4A684 /* RemoteDataError.swift in Sources */,
				DEBBF8E72C3642E600AD1E53 /* CardDetailView.swift in Sources */,
				DE2A64E62C2F9C9600FE27F3 /* Config.swift in Sources */,
				DED1A4BA2C3078DB00C1BC6F /* ViewModel.swift in Sources */,
				D73828FC2C39E607000CA3D7 /* MockDataLoader.swift in Sources */,
				D76121B62C3711DA00E13EB5 /* GoogleSignInResultModel.swift in Sources */,
				D7E083702C370B2C001E46A1 /* SignInEmailViewModel.swift in Sources */,
				D7E083722C370B6D001E46A1 /* AuthenticationManager.swift in Sources */,
				DED1A4B62C30662500C1BC6F /* OddsViewModel+MockData.swift in Sources */,
				DEBBF8E12C36358000AD1E53 /* PlayerImageUrls.swift in Sources */,
				DEBBF8E92C36582600AD1E53 /* CardDetailViewModel.swift in Sources */,
				DED1A4B82C3067D600C1BC6F /* LoadingState.swift in Sources */,
				D76121BC2C375FBB00E13EB5 /* SettingsViewModel.swift in Sources */,
				DEDCB02B2C1F9AF900B4A684 /* OddsResponse.swift in Sources */,
				DEDCB0352C1FA06200B4A684 /* OddsViewModel.swift in Sources */,
				DE6867AA2C28E07400193745 /* CardView.swift in Sources */,
				DE9A7EDF2C3396D9008446A9 /* Market.swift in Sources */,
				D7E083632C37096A001E46A1 /* AuthenticationView.swift in Sources */,
				DED1A4B12C305EE500C1BC6F /* RemoteDataLoader.swift in Sources */,
				DE9A7EDB2C33867F008446A9 /* HorizontalScrollView.swift in Sources */,
				D76121CD2C38623600E13EB5 /* Utilities.swift in Sources */,
				DEDCB01E2C1F99CB00B4A684 /* NetworkError.swift in Sources */,
			);
			runOnlyForDeploymentPostprocessing = 0;
		};
/* End PBXSourcesBuildPhase section */

/* Begin XCBuildConfiguration section */
		DEDCB0092C1F967400B4A684 /* Debug */ = {
			isa = XCBuildConfiguration;
			buildSettings = {
				ALWAYS_SEARCH_USER_PATHS = NO;
				ASSETCATALOG_COMPILER_GENERATE_SWIFT_ASSET_SYMBOL_EXTENSIONS = YES;
				CLANG_ANALYZER_NONNULL = YES;
				CLANG_ANALYZER_NUMBER_OBJECT_CONVERSION = YES_AGGRESSIVE;
				CLANG_CXX_LANGUAGE_STANDARD = "gnu++20";
				CLANG_ENABLE_MODULES = YES;
				CLANG_ENABLE_OBJC_ARC = YES;
				CLANG_ENABLE_OBJC_WEAK = YES;
				CLANG_WARN_BLOCK_CAPTURE_AUTORELEASING = YES;
				CLANG_WARN_BOOL_CONVERSION = YES;
				CLANG_WARN_COMMA = YES;
				CLANG_WARN_CONSTANT_CONVERSION = YES;
				CLANG_WARN_DEPRECATED_OBJC_IMPLEMENTATIONS = YES;
				CLANG_WARN_DIRECT_OBJC_ISA_USAGE = YES_ERROR;
				CLANG_WARN_DOCUMENTATION_COMMENTS = YES;
				CLANG_WARN_EMPTY_BODY = YES;
				CLANG_WARN_ENUM_CONVERSION = YES;
				CLANG_WARN_INFINITE_RECURSION = YES;
				CLANG_WARN_INT_CONVERSION = YES;
				CLANG_WARN_NON_LITERAL_NULL_CONVERSION = YES;
				CLANG_WARN_OBJC_IMPLICIT_RETAIN_SELF = YES;
				CLANG_WARN_OBJC_LITERAL_CONVERSION = YES;
				CLANG_WARN_OBJC_ROOT_CLASS = YES_ERROR;
				CLANG_WARN_QUOTED_INCLUDE_IN_FRAMEWORK_HEADER = YES;
				CLANG_WARN_RANGE_LOOP_ANALYSIS = YES;
				CLANG_WARN_STRICT_PROTOTYPES = YES;
				CLANG_WARN_SUSPICIOUS_MOVE = YES;
				CLANG_WARN_UNGUARDED_AVAILABILITY = YES_AGGRESSIVE;
				CLANG_WARN_UNREACHABLE_CODE = YES;
				CLANG_WARN__DUPLICATE_METHOD_MATCH = YES;
				COPY_PHASE_STRIP = NO;
				DEBUG_INFORMATION_FORMAT = dwarf;
				ENABLE_STRICT_OBJC_MSGSEND = YES;
				ENABLE_TESTABILITY = YES;
				ENABLE_USER_SCRIPT_SANDBOXING = YES;
				GCC_C_LANGUAGE_STANDARD = gnu17;
				GCC_DYNAMIC_NO_PIC = NO;
				GCC_NO_COMMON_BLOCKS = YES;
				GCC_OPTIMIZATION_LEVEL = 0;
				GCC_PREPROCESSOR_DEFINITIONS = (
					"DEBUG=1",
					"$(inherited)",
				);
				GCC_WARN_64_TO_32_BIT_CONVERSION = YES;
				GCC_WARN_ABOUT_RETURN_TYPE = YES_ERROR;
				GCC_WARN_UNDECLARED_SELECTOR = YES;
				GCC_WARN_UNINITIALIZED_AUTOS = YES_AGGRESSIVE;
				GCC_WARN_UNUSED_FUNCTION = YES;
				GCC_WARN_UNUSED_VARIABLE = YES;
				IPHONEOS_DEPLOYMENT_TARGET = 17.0;
				LOCALIZATION_PREFERS_STRING_CATALOGS = YES;
				MTL_ENABLE_DEBUG_INFO = INCLUDE_SOURCE;
				MTL_FAST_MATH = YES;
				ONLY_ACTIVE_ARCH = YES;
				SDKROOT = iphoneos;
				SWIFT_ACTIVE_COMPILATION_CONDITIONS = "DEBUG $(inherited)";
				SWIFT_OPTIMIZATION_LEVEL = "-Onone";
			};
			name = Debug;
		};
		DEDCB00A2C1F967400B4A684 /* Release */ = {
			isa = XCBuildConfiguration;
			buildSettings = {
				ALWAYS_SEARCH_USER_PATHS = NO;
				ASSETCATALOG_COMPILER_GENERATE_SWIFT_ASSET_SYMBOL_EXTENSIONS = YES;
				CLANG_ANALYZER_NONNULL = YES;
				CLANG_ANALYZER_NUMBER_OBJECT_CONVERSION = YES_AGGRESSIVE;
				CLANG_CXX_LANGUAGE_STANDARD = "gnu++20";
				CLANG_ENABLE_MODULES = YES;
				CLANG_ENABLE_OBJC_ARC = YES;
				CLANG_ENABLE_OBJC_WEAK = YES;
				CLANG_WARN_BLOCK_CAPTURE_AUTORELEASING = YES;
				CLANG_WARN_BOOL_CONVERSION = YES;
				CLANG_WARN_COMMA = YES;
				CLANG_WARN_CONSTANT_CONVERSION = YES;
				CLANG_WARN_DEPRECATED_OBJC_IMPLEMENTATIONS = YES;
				CLANG_WARN_DIRECT_OBJC_ISA_USAGE = YES_ERROR;
				CLANG_WARN_DOCUMENTATION_COMMENTS = YES;
				CLANG_WARN_EMPTY_BODY = YES;
				CLANG_WARN_ENUM_CONVERSION = YES;
				CLANG_WARN_INFINITE_RECURSION = YES;
				CLANG_WARN_INT_CONVERSION = YES;
				CLANG_WARN_NON_LITERAL_NULL_CONVERSION = YES;
				CLANG_WARN_OBJC_IMPLICIT_RETAIN_SELF = YES;
				CLANG_WARN_OBJC_LITERAL_CONVERSION = YES;
				CLANG_WARN_OBJC_ROOT_CLASS = YES_ERROR;
				CLANG_WARN_QUOTED_INCLUDE_IN_FRAMEWORK_HEADER = YES;
				CLANG_WARN_RANGE_LOOP_ANALYSIS = YES;
				CLANG_WARN_STRICT_PROTOTYPES = YES;
				CLANG_WARN_SUSPICIOUS_MOVE = YES;
				CLANG_WARN_UNGUARDED_AVAILABILITY = YES_AGGRESSIVE;
				CLANG_WARN_UNREACHABLE_CODE = YES;
				CLANG_WARN__DUPLICATE_METHOD_MATCH = YES;
				COPY_PHASE_STRIP = NO;
				DEBUG_INFORMATION_FORMAT = "dwarf-with-dsym";
				ENABLE_NS_ASSERTIONS = NO;
				ENABLE_STRICT_OBJC_MSGSEND = YES;
				ENABLE_USER_SCRIPT_SANDBOXING = YES;
				GCC_C_LANGUAGE_STANDARD = gnu17;
				GCC_NO_COMMON_BLOCKS = YES;
				GCC_WARN_64_TO_32_BIT_CONVERSION = YES;
				GCC_WARN_ABOUT_RETURN_TYPE = YES_ERROR;
				GCC_WARN_UNDECLARED_SELECTOR = YES;
				GCC_WARN_UNINITIALIZED_AUTOS = YES_AGGRESSIVE;
				GCC_WARN_UNUSED_FUNCTION = YES;
				GCC_WARN_UNUSED_VARIABLE = YES;
				IPHONEOS_DEPLOYMENT_TARGET = 17.0;
				LOCALIZATION_PREFERS_STRING_CATALOGS = YES;
				MTL_ENABLE_DEBUG_INFO = NO;
				MTL_FAST_MATH = YES;
				SDKROOT = iphoneos;
				SWIFT_COMPILATION_MODE = wholemodule;
				VALIDATE_PRODUCT = YES;
			};
			name = Release;
		};
		DEDCB00C2C1F967400B4A684 /* Debug */ = {
			isa = XCBuildConfiguration;
			buildSettings = {
				ASSETCATALOG_COMPILER_APPICON_NAME = AppIcon;
				ASSETCATALOG_COMPILER_GLOBAL_ACCENT_COLOR_NAME = AccentColor;
				CODE_SIGN_ENTITLEMENTS = "sports-odds-client/sports-odds-client.entitlements";
				CODE_SIGN_IDENTITY = "Apple Development";
				CODE_SIGN_STYLE = Automatic;
				CURRENT_PROJECT_VERSION = 1;
				DEVELOPMENT_ASSET_PATHS = "\"sports-odds-client/Preview Content\"";
				DEVELOPMENT_TEAM = 9YZSML8VWX;
				ENABLE_PREVIEWS = YES;
				GENERATE_INFOPLIST_FILE = YES;
				INFOPLIST_FILE = "sports-odds-client/Info.plist";
				INFOPLIST_KEY_UIApplicationSceneManifest_Generation = YES;
				INFOPLIST_KEY_UIApplicationSupportsIndirectInputEvents = YES;
				INFOPLIST_KEY_UILaunchScreen_Generation = YES;
				INFOPLIST_KEY_UISupportedInterfaceOrientations_iPad = "UIInterfaceOrientationPortrait UIInterfaceOrientationPortraitUpsideDown UIInterfaceOrientationLandscapeLeft UIInterfaceOrientationLandscapeRight";
				INFOPLIST_KEY_UISupportedInterfaceOrientations_iPhone = "UIInterfaceOrientationPortrait UIInterfaceOrientationLandscapeLeft UIInterfaceOrientationLandscapeRight";
				LD_RUNPATH_SEARCH_PATHS = (
					"$(inherited)",
					"@executable_path/Frameworks",
				);
				MARKETING_VERSION = 1.0;
				PRODUCT_BUNDLE_IDENTIFIER = com.loudskies.betlytics;
				PRODUCT_NAME = "$(TARGET_NAME)";
				PROVISIONING_PROFILE_SPECIFIER = "";
				SWIFT_EMIT_LOC_STRINGS = YES;
				SWIFT_VERSION = 5.0;
				TARGETED_DEVICE_FAMILY = "1,2";
			};
			name = Debug;
		};
		DEDCB00D2C1F967400B4A684 /* Release */ = {
			isa = XCBuildConfiguration;
			buildSettings = {
				ASSETCATALOG_COMPILER_APPICON_NAME = AppIcon;
				ASSETCATALOG_COMPILER_GLOBAL_ACCENT_COLOR_NAME = AccentColor;
				CODE_SIGN_ENTITLEMENTS = "sports-odds-client/sports-odds-client.entitlements";
				CODE_SIGN_IDENTITY = "Apple Development";
				CODE_SIGN_STYLE = Automatic;
				CURRENT_PROJECT_VERSION = 1;
				DEVELOPMENT_ASSET_PATHS = "\"sports-odds-client/Preview Content\"";
				DEVELOPMENT_TEAM = 9YZSML8VWX;
				ENABLE_PREVIEWS = YES;
				GENERATE_INFOPLIST_FILE = YES;
				INFOPLIST_FILE = "sports-odds-client/Info.plist";
				INFOPLIST_KEY_UIApplicationSceneManifest_Generation = YES;
				INFOPLIST_KEY_UIApplicationSupportsIndirectInputEvents = YES;
				INFOPLIST_KEY_UILaunchScreen_Generation = YES;
				INFOPLIST_KEY_UISupportedInterfaceOrientations_iPad = "UIInterfaceOrientationPortrait UIInterfaceOrientationPortraitUpsideDown UIInterfaceOrientationLandscapeLeft UIInterfaceOrientationLandscapeRight";
				INFOPLIST_KEY_UISupportedInterfaceOrientations_iPhone = "UIInterfaceOrientationPortrait UIInterfaceOrientationLandscapeLeft UIInterfaceOrientationLandscapeRight";
				LD_RUNPATH_SEARCH_PATHS = (
					"$(inherited)",
					"@executable_path/Frameworks",
				);
				MARKETING_VERSION = 1.0;
				PRODUCT_BUNDLE_IDENTIFIER = com.loudskies.betlytics;
				PRODUCT_NAME = "$(TARGET_NAME)";
				PROVISIONING_PROFILE_SPECIFIER = "";
				SWIFT_EMIT_LOC_STRINGS = YES;
				SWIFT_VERSION = 5.0;
				TARGETED_DEVICE_FAMILY = "1,2";
			};
			name = Release;
		};
/* End XCBuildConfiguration section */

/* Begin XCConfigurationList section */
		DEDCAFF82C1F967100B4A684 /* Build configuration list for PBXProject "sports-odds-client" */ = {
			isa = XCConfigurationList;
			buildConfigurations = (
				DEDCB0092C1F967400B4A684 /* Debug */,
				DEDCB00A2C1F967400B4A684 /* Release */,
			);
			defaultConfigurationIsVisible = 0;
			defaultConfigurationName = Release;
		};
		DEDCB00B2C1F967400B4A684 /* Build configuration list for PBXNativeTarget "sports-odds-client" */ = {
			isa = XCConfigurationList;
			buildConfigurations = (
				DEDCB00C2C1F967400B4A684 /* Debug */,
				DEDCB00D2C1F967400B4A684 /* Release */,
			);
			defaultConfigurationIsVisible = 0;
			defaultConfigurationName = Release;
		};
/* End XCConfigurationList section */

/* Begin XCRemoteSwiftPackageReference section */
		D7E083662C370A49001E46A1 /* XCRemoteSwiftPackageReference "GoogleSignIn-iOS" */ = {
			isa = XCRemoteSwiftPackageReference;
			repositoryURL = "https://github.com/google/GoogleSignIn-iOS";
			requirement = {
				kind = upToNextMajorVersion;
				minimumVersion = 7.1.0;
			};
		};
		DE4015492C36F8960057100D /* XCRemoteSwiftPackageReference "firebase-ios-sdk" */ = {
			isa = XCRemoteSwiftPackageReference;
			repositoryURL = "https://github.com/firebase/firebase-ios-sdk";
			requirement = {
				kind = upToNextMajorVersion;
				minimumVersion = 10.28.1;
			};
		};
/* End XCRemoteSwiftPackageReference section */

/* Begin XCSwiftPackageProductDependency section */
		D7E083672C370A49001E46A1 /* GoogleSignIn */ = {
			isa = XCSwiftPackageProductDependency;
			package = D7E083662C370A49001E46A1 /* XCRemoteSwiftPackageReference "GoogleSignIn-iOS" */;
			productName = GoogleSignIn;
		};
		D7E083692C370A49001E46A1 /* GoogleSignInSwift */ = {
			isa = XCSwiftPackageProductDependency;
			package = D7E083662C370A49001E46A1 /* XCRemoteSwiftPackageReference "GoogleSignIn-iOS" */;
			productName = GoogleSignInSwift;
		};
		DE40154A2C36F8960057100D /* FirebaseAnalytics */ = {
			isa = XCSwiftPackageProductDependency;
			package = DE4015492C36F8960057100D /* XCRemoteSwiftPackageReference "firebase-ios-sdk" */;
			productName = FirebaseAnalytics;
		};
		DE40154C2C36F8960057100D /* FirebaseAnalyticsOnDeviceConversion */ = {
			isa = XCSwiftPackageProductDependency;
			package = DE4015492C36F8960057100D /* XCRemoteSwiftPackageReference "firebase-ios-sdk" */;
			productName = FirebaseAnalyticsOnDeviceConversion;
		};
		DE40154E2C36F8960057100D /* FirebaseAnalyticsSwift */ = {
			isa = XCSwiftPackageProductDependency;
			package = DE4015492C36F8960057100D /* XCRemoteSwiftPackageReference "firebase-ios-sdk" */;
			productName = FirebaseAnalyticsSwift;
		};
		DE4015562C36F8960057100D /* FirebaseAuth */ = {
			isa = XCSwiftPackageProductDependency;
			package = DE4015492C36F8960057100D /* XCRemoteSwiftPackageReference "firebase-ios-sdk" */;
			productName = FirebaseAuth;
		};
		DE4015582C36F8960057100D /* FirebaseAuthCombine-Community */ = {
			isa = XCSwiftPackageProductDependency;
			package = DE4015492C36F8960057100D /* XCRemoteSwiftPackageReference "firebase-ios-sdk" */;
			productName = "FirebaseAuthCombine-Community";
		};
		DE40155A2C36F8960057100D /* FirebaseCrashlytics */ = {
			isa = XCSwiftPackageProductDependency;
			package = DE4015492C36F8960057100D /* XCRemoteSwiftPackageReference "firebase-ios-sdk" */;
			productName = FirebaseCrashlytics;
		};
		DE40155C2C36F8960057100D /* FirebaseDatabase */ = {
			isa = XCSwiftPackageProductDependency;
			package = DE4015492C36F8960057100D /* XCRemoteSwiftPackageReference "firebase-ios-sdk" */;
			productName = FirebaseDatabase;
		};
		DE40155E2C36F8960057100D /* FirebaseDatabaseSwift */ = {
			isa = XCSwiftPackageProductDependency;
			package = DE4015492C36F8960057100D /* XCRemoteSwiftPackageReference "firebase-ios-sdk" */;
			productName = FirebaseDatabaseSwift;
		};
		DE4015602C36F8960057100D /* FirebaseDynamicLinks */ = {
			isa = XCSwiftPackageProductDependency;
			package = DE4015492C36F8960057100D /* XCRemoteSwiftPackageReference "firebase-ios-sdk" */;
			productName = FirebaseDynamicLinks;
		};
		DE4015622C36F8960057100D /* FirebaseFirestore */ = {
			isa = XCSwiftPackageProductDependency;
			package = DE4015492C36F8960057100D /* XCRemoteSwiftPackageReference "firebase-ios-sdk" */;
			productName = FirebaseFirestore;
		};
		DE4015642C36F8960057100D /* FirebaseFirestoreCombine-Community */ = {
			isa = XCSwiftPackageProductDependency;
			package = DE4015492C36F8960057100D /* XCRemoteSwiftPackageReference "firebase-ios-sdk" */;
			productName = "FirebaseFirestoreCombine-Community";
		};
		DE4015662C36F8960057100D /* FirebaseFirestoreSwift */ = {
			isa = XCSwiftPackageProductDependency;
			package = DE4015492C36F8960057100D /* XCRemoteSwiftPackageReference "firebase-ios-sdk" */;
			productName = FirebaseFirestoreSwift;
		};
		DE4015682C36F8960057100D /* FirebaseFunctions */ = {
			isa = XCSwiftPackageProductDependency;
			package = DE4015492C36F8960057100D /* XCRemoteSwiftPackageReference "firebase-ios-sdk" */;
			productName = FirebaseFunctions;
		};
		DE40156A2C36F8960057100D /* FirebaseFunctionsCombine-Community */ = {
			isa = XCSwiftPackageProductDependency;
			package = DE4015492C36F8960057100D /* XCRemoteSwiftPackageReference "firebase-ios-sdk" */;
			productName = "FirebaseFunctionsCombine-Community";
		};
		DE40156C2C36F8960057100D /* FirebaseInAppMessaging-Beta */ = {
			isa = XCSwiftPackageProductDependency;
			package = DE4015492C36F8960057100D /* XCRemoteSwiftPackageReference "firebase-ios-sdk" */;
			productName = "FirebaseInAppMessaging-Beta";
		};
		DE40156E2C36F8960057100D /* FirebaseInAppMessagingSwift-Beta */ = {
			isa = XCSwiftPackageProductDependency;
			package = DE4015492C36F8960057100D /* XCRemoteSwiftPackageReference "firebase-ios-sdk" */;
			productName = "FirebaseInAppMessagingSwift-Beta";
		};
		DE4015702C36F8960057100D /* FirebaseInstallations */ = {
			isa = XCSwiftPackageProductDependency;
			package = DE4015492C36F8960057100D /* XCRemoteSwiftPackageReference "firebase-ios-sdk" */;
			productName = FirebaseInstallations;
		};
		DE4015722C36F8960057100D /* FirebaseMLModelDownloader */ = {
			isa = XCSwiftPackageProductDependency;
			package = DE4015492C36F8960057100D /* XCRemoteSwiftPackageReference "firebase-ios-sdk" */;
			productName = FirebaseMLModelDownloader;
		};
		DE4015762C36F8960057100D /* FirebasePerformance */ = {
			isa = XCSwiftPackageProductDependency;
			package = DE4015492C36F8960057100D /* XCRemoteSwiftPackageReference "firebase-ios-sdk" */;
			productName = FirebasePerformance;
		};
		DE4015782C36F8960057100D /* FirebaseRemoteConfig */ = {
			isa = XCSwiftPackageProductDependency;
			package = DE4015492C36F8960057100D /* XCRemoteSwiftPackageReference "firebase-ios-sdk" */;
			productName = FirebaseRemoteConfig;
		};
		DE40157A2C36F8960057100D /* FirebaseRemoteConfigSwift */ = {
			isa = XCSwiftPackageProductDependency;
			package = DE4015492C36F8960057100D /* XCRemoteSwiftPackageReference "firebase-ios-sdk" */;
			productName = FirebaseRemoteConfigSwift;
		};
		DE40157C2C36F8960057100D /* FirebaseStorage */ = {
			isa = XCSwiftPackageProductDependency;
			package = DE4015492C36F8960057100D /* XCRemoteSwiftPackageReference "firebase-ios-sdk" */;
			productName = FirebaseStorage;
		};
		DE40157E2C36F8960057100D /* FirebaseStorageCombine-Community */ = {
			isa = XCSwiftPackageProductDependency;
			package = DE4015492C36F8960057100D /* XCRemoteSwiftPackageReference "firebase-ios-sdk" */;
			productName = "FirebaseStorageCombine-Community";
		};
/* End XCSwiftPackageProductDependency section */
	};
	rootObject = DEDCAFF52C1F967100B4A684 /* Project object */;
}
