// !$*UTF8*$!
{
	archiveVersion = 1;
	classes = {
	};
	objectVersion = 56;
	objects = {

/* Begin PBXBuildFile section */
		DEDCB0012C1F967100B4A684 /* sports_odds_clientApp.swift in Sources */ = {isa = PBXBuildFile; fileRef = DEDCB0002C1F967100B4A684 /* sports_odds_clientApp.swift */; };
		DEDCB0052C1F967400B4A684 /* Assets.xcassets in Resources */ = {isa = PBXBuildFile; fileRef = DEDCB0042C1F967400B4A684 /* Assets.xcassets */; };
		DEDCB0082C1F967400B4A684 /* Preview Assets.xcassets in Resources */ = {isa = PBXBuildFile; fileRef = DEDCB0072C1F967400B4A684 /* Preview Assets.xcassets */; };
		DEDCB0152C1F97E400B4A684 /* HomeView.swift in Sources */ = {isa = PBXBuildFile; fileRef = DEDCB0142C1F97E400B4A684 /* HomeView.swift */; };
		DEDCB01C2C1F99CB00B4A684 /* HTTPClient.swift in Sources */ = {isa = PBXBuildFile; fileRef = DEDCB0192C1F99CB00B4A684 /* HTTPClient.swift */; };
		DEDCB01D2C1F99CB00B4A684 /* URLSessionHTTPClient.swift in Sources */ = {isa = PBXBuildFile; fileRef = DEDCB01A2C1F99CB00B4A684 /* URLSessionHTTPClient.swift */; };
		DEDCB01E2C1F99CB00B4A684 /* NetworkError.swift in Sources */ = {isa = PBXBuildFile; fileRef = DEDCB01B2C1F99CB00B4A684 /* NetworkError.swift */; };
		DEDCB0242C1F9AAF00B4A684 /* RemoteImageLoader.swift in Sources */ = {isa = PBXBuildFile; fileRef = DEDCB01F2C1F9AAF00B4A684 /* RemoteImageLoader.swift */; };
		DEDCB0252C1F9AAF00B4A684 /* DataMapper.swift in Sources */ = {isa = PBXBuildFile; fileRef = DEDCB0202C1F9AAF00B4A684 /* DataMapper.swift */; };
		DEDCB0262C1F9AAF00B4A684 /* ImageLoader.swift in Sources */ = {isa = PBXBuildFile; fileRef = DEDCB0212C1F9AAF00B4A684 /* ImageLoader.swift */; };
		DEDCB0272C1F9AAF00B4A684 /* DataError.swift in Sources */ = {isa = PBXBuildFile; fileRef = DEDCB0222C1F9AAF00B4A684 /* DataError.swift */; };
		DEDCB0282C1F9AAF00B4A684 /* DataLoader.swift in Sources */ = {isa = PBXBuildFile; fileRef = DEDCB0232C1F9AAF00B4A684 /* DataLoader.swift */; };
		DEDCB02B2C1F9AF900B4A684 /* OddsResponse.swift in Sources */ = {isa = PBXBuildFile; fileRef = DEDCB0292C1F9AF900B4A684 /* OddsResponse.swift */; };
		DEDCB02C2C1F9AF900B4A684 /* Odds.swift in Sources */ = {isa = PBXBuildFile; fileRef = DEDCB02A2C1F9AF900B4A684 /* Odds.swift */; };
		DEDCB02F2C1F9CCD00B4A684 /* RemoteDataError.swift in Sources */ = {isa = PBXBuildFile; fileRef = DEDCB02D2C1F9CCD00B4A684 /* RemoteDataError.swift */; };
		DEDCB0302C1F9CCD00B4A684 /* RemoteOddsFeedLoader.swift in Sources */ = {isa = PBXBuildFile; fileRef = DEDCB02E2C1F9CCD00B4A684 /* RemoteOddsFeedLoader.swift */; };
		DEDCB0352C1FA06200B4A684 /* HomeViewModel.swift in Sources */ = {isa = PBXBuildFile; fileRef = DEDCB0342C1FA06200B4A684 /* HomeViewModel.swift */; };
		DEDCB0372C1FABFE00B4A684 /* Environment.swift in Sources */ = {isa = PBXBuildFile; fileRef = DEDCB0362C1FABFE00B4A684 /* Environment.swift */; };
/* End PBXBuildFile section */

/* Begin PBXFileReference section */
		DEDCAFFD2C1F967100B4A684 /* sports-odds-client.app */ = {isa = PBXFileReference; explicitFileType = wrapper.application; includeInIndex = 0; path = "sports-odds-client.app"; sourceTree = BUILT_PRODUCTS_DIR; };
		DEDCB0002C1F967100B4A684 /* sports_odds_clientApp.swift */ = {isa = PBXFileReference; lastKnownFileType = sourcecode.swift; path = sports_odds_clientApp.swift; sourceTree = "<group>"; };
		DEDCB0042C1F967400B4A684 /* Assets.xcassets */ = {isa = PBXFileReference; lastKnownFileType = folder.assetcatalog; path = Assets.xcassets; sourceTree = "<group>"; };
		DEDCB0072C1F967400B4A684 /* Preview Assets.xcassets */ = {isa = PBXFileReference; lastKnownFileType = folder.assetcatalog; path = "Preview Assets.xcassets"; sourceTree = "<group>"; };
		DEDCB0142C1F97E400B4A684 /* HomeView.swift */ = {isa = PBXFileReference; lastKnownFileType = sourcecode.swift; path = HomeView.swift; sourceTree = "<group>"; };
		DEDCB0192C1F99CB00B4A684 /* HTTPClient.swift */ = {isa = PBXFileReference; fileEncoding = 4; lastKnownFileType = sourcecode.swift; path = HTTPClient.swift; sourceTree = "<group>"; };
		DEDCB01A2C1F99CB00B4A684 /* URLSessionHTTPClient.swift */ = {isa = PBXFileReference; fileEncoding = 4; lastKnownFileType = sourcecode.swift; path = URLSessionHTTPClient.swift; sourceTree = "<group>"; };
		DEDCB01B2C1F99CB00B4A684 /* NetworkError.swift */ = {isa = PBXFileReference; fileEncoding = 4; lastKnownFileType = sourcecode.swift; path = NetworkError.swift; sourceTree = "<group>"; };
		DEDCB01F2C1F9AAF00B4A684 /* RemoteImageLoader.swift */ = {isa = PBXFileReference; fileEncoding = 4; lastKnownFileType = sourcecode.swift; path = RemoteImageLoader.swift; sourceTree = "<group>"; };
		DEDCB0202C1F9AAF00B4A684 /* DataMapper.swift */ = {isa = PBXFileReference; fileEncoding = 4; lastKnownFileType = sourcecode.swift; path = DataMapper.swift; sourceTree = "<group>"; };
		DEDCB0212C1F9AAF00B4A684 /* ImageLoader.swift */ = {isa = PBXFileReference; fileEncoding = 4; lastKnownFileType = sourcecode.swift; path = ImageLoader.swift; sourceTree = "<group>"; };
		DEDCB0222C1F9AAF00B4A684 /* DataError.swift */ = {isa = PBXFileReference; fileEncoding = 4; lastKnownFileType = sourcecode.swift; path = DataError.swift; sourceTree = "<group>"; };
		DEDCB0232C1F9AAF00B4A684 /* DataLoader.swift */ = {isa = PBXFileReference; fileEncoding = 4; lastKnownFileType = sourcecode.swift; path = DataLoader.swift; sourceTree = "<group>"; };
		DEDCB0292C1F9AF900B4A684 /* OddsResponse.swift */ = {isa = PBXFileReference; fileEncoding = 4; lastKnownFileType = sourcecode.swift; path = OddsResponse.swift; sourceTree = "<group>"; };
		DEDCB02A2C1F9AF900B4A684 /* Odds.swift */ = {isa = PBXFileReference; fileEncoding = 4; lastKnownFileType = sourcecode.swift; path = Odds.swift; sourceTree = "<group>"; };
		DEDCB02D2C1F9CCD00B4A684 /* RemoteDataError.swift */ = {isa = PBXFileReference; fileEncoding = 4; lastKnownFileType = sourcecode.swift; path = RemoteDataError.swift; sourceTree = "<group>"; };
		DEDCB02E2C1F9CCD00B4A684 /* RemoteOddsFeedLoader.swift */ = {isa = PBXFileReference; fileEncoding = 4; lastKnownFileType = sourcecode.swift; path = RemoteOddsFeedLoader.swift; sourceTree = "<group>"; };
		DEDCB0342C1FA06200B4A684 /* HomeViewModel.swift */ = {isa = PBXFileReference; lastKnownFileType = sourcecode.swift; path = HomeViewModel.swift; sourceTree = "<group>"; };
		DEDCB0362C1FABFE00B4A684 /* Environment.swift */ = {isa = PBXFileReference; lastKnownFileType = sourcecode.swift; path = Environment.swift; sourceTree = "<group>"; };
/* End PBXFileReference section */

/* Begin PBXFrameworksBuildPhase section */
		DEDCAFFA2C1F967100B4A684 /* Frameworks */ = {
			isa = PBXFrameworksBuildPhase;
			buildActionMask = 2147483647;
			files = (
			);
			runOnlyForDeploymentPostprocessing = 0;
		};
/* End PBXFrameworksBuildPhase section */

/* Begin PBXGroup section */
		DEDCAFF42C1F967100B4A684 = {
			isa = PBXGroup;
			children = (
				DEDCAFFF2C1F967100B4A684 /* sports-odds-client */,
				DEDCAFFE2C1F967100B4A684 /* Products */,
			);
			sourceTree = "<group>";
		};
		DEDCAFFE2C1F967100B4A684 /* Products */ = {
			isa = PBXGroup;
			children = (
				DEDCAFFD2C1F967100B4A684 /* sports-odds-client.app */,
			);
			name = Products;
			sourceTree = "<group>";
		};
		DEDCAFFF2C1F967100B4A684 /* sports-odds-client */ = {
			isa = PBXGroup;
			children = (
				DEDCB0002C1F967100B4A684 /* sports_odds_clientApp.swift */,
				DEDCB0312C1F9FEC00B4A684 /* Home */,
				DEDCB00E2C1F973200B4A684 /* OddsFeed */,
				DEDCB0132C1F97B600B4A684 /* Shared */,
				DEDCB0162C1F988600B4A684 /* Extensions */,
				DEDCB0042C1F967400B4A684 /* Assets.xcassets */,
				DEDCB0062C1F967400B4A684 /* Preview Content */,
			);
			path = "sports-odds-client";
			sourceTree = "<group>";
		};
		DEDCB0062C1F967400B4A684 /* Preview Content */ = {
			isa = PBXGroup;
			children = (
				DEDCB0072C1F967400B4A684 /* Preview Assets.xcassets */,
			);
			path = "Preview Content";
			sourceTree = "<group>";
		};
		DEDCB00E2C1F973200B4A684 /* OddsFeed */ = {
			isa = PBXGroup;
			children = (
				DEDCB0122C1F978C00B4A684 /* Views */,
				DEDCB0112C1F978200B4A684 /* ViewModels */,
				DEDCB0102C1F977600B4A684 /* Models */,
				DEDCB00F2C1F976D00B4A684 /* API */,
			);
			path = OddsFeed;
			sourceTree = "<group>";
		};
		DEDCB00F2C1F976D00B4A684 /* API */ = {
			isa = PBXGroup;
			children = (
				DEDCB02D2C1F9CCD00B4A684 /* RemoteDataError.swift */,
				DEDCB02E2C1F9CCD00B4A684 /* RemoteOddsFeedLoader.swift */,
			);
			path = API;
			sourceTree = "<group>";
		};
		DEDCB0102C1F977600B4A684 /* Models */ = {
			isa = PBXGroup;
			children = (
				DEDCB02A2C1F9AF900B4A684 /* Odds.swift */,
				DEDCB0292C1F9AF900B4A684 /* OddsResponse.swift */,
			);
			path = Models;
			sourceTree = "<group>";
		};
		DEDCB0112C1F978200B4A684 /* ViewModels */ = {
			isa = PBXGroup;
			children = (
			);
			path = ViewModels;
			sourceTree = "<group>";
		};
		DEDCB0122C1F978C00B4A684 /* Views */ = {
			isa = PBXGroup;
			children = (
			);
			path = Views;
			sourceTree = "<group>";
		};
		DEDCB0132C1F97B600B4A684 /* Shared */ = {
			isa = PBXGroup;
			children = (
				DEDCB0362C1FABFE00B4A684 /* Environment.swift */,
				DEDCB0172C1F991700B4A684 /* Networking */,
				DEDCB0182C1F993300B4A684 /* Data */,
			);
			path = Shared;
			sourceTree = "<group>";
		};
		DEDCB0162C1F988600B4A684 /* Extensions */ = {
			isa = PBXGroup;
			children = (
			);
			path = Extensions;
			sourceTree = "<group>";
		};
		DEDCB0172C1F991700B4A684 /* Networking */ = {
			isa = PBXGroup;
			children = (
				DEDCB0192C1F99CB00B4A684 /* HTTPClient.swift */,
				DEDCB01B2C1F99CB00B4A684 /* NetworkError.swift */,
				DEDCB01A2C1F99CB00B4A684 /* URLSessionHTTPClient.swift */,
			);
			path = Networking;
			sourceTree = "<group>";
		};
		DEDCB0182C1F993300B4A684 /* Data */ = {
			isa = PBXGroup;
			children = (
				DEDCB0222C1F9AAF00B4A684 /* DataError.swift */,
				DEDCB0232C1F9AAF00B4A684 /* DataLoader.swift */,
				DEDCB0202C1F9AAF00B4A684 /* DataMapper.swift */,
				DEDCB0212C1F9AAF00B4A684 /* ImageLoader.swift */,
				DEDCB01F2C1F9AAF00B4A684 /* RemoteImageLoader.swift */,
			);
			path = Data;
			sourceTree = "<group>";
		};
		DEDCB0312C1F9FEC00B4A684 /* Home */ = {
			isa = PBXGroup;
			children = (
				DEDCB0142C1F97E400B4A684 /* HomeView.swift */,
				DEDCB0322C1FA00E00B4A684 /* Views */,
				DEDCB0332C1FA01900B4A684 /* ViewModels */,
			);
			path = Home;
			sourceTree = "<group>";
		};
		DEDCB0322C1FA00E00B4A684 /* Views */ = {
			isa = PBXGroup;
			children = (
			);
			path = Views;
			sourceTree = "<group>";
		};
		DEDCB0332C1FA01900B4A684 /* ViewModels */ = {
			isa = PBXGroup;
			children = (
				DEDCB0342C1FA06200B4A684 /* HomeViewModel.swift */,
			);
			path = ViewModels;
			sourceTree = "<group>";
		};
/* End PBXGroup section */

/* Begin PBXNativeTarget section */
		DEDCAFFC2C1F967100B4A684 /* sports-odds-client */ = {
			isa = PBXNativeTarget;
			buildConfigurationList = DEDCB00B2C1F967400B4A684 /* Build configuration list for PBXNativeTarget "sports-odds-client" */;
			buildPhases = (
				DEDCAFF92C1F967100B4A684 /* Sources */,
				DEDCAFFA2C1F967100B4A684 /* Frameworks */,
				DEDCAFFB2C1F967100B4A684 /* Resources */,
			);
			buildRules = (
			);
			dependencies = (
			);
			name = "sports-odds-client";
			productName = "sports-odds-client";
			productReference = DEDCAFFD2C1F967100B4A684 /* sports-odds-client.app */;
			productType = "com.apple.product-type.application";
		};
/* End PBXNativeTarget section */

/* Begin PBXProject section */
		DEDCAFF52C1F967100B4A684 /* Project object */ = {
			isa = PBXProject;
			attributes = {
				BuildIndependentTargetsInParallel = 1;
				LastSwiftUpdateCheck = 1500;
				LastUpgradeCheck = 1500;
				TargetAttributes = {
					DEDCAFFC2C1F967100B4A684 = {
						CreatedOnToolsVersion = 15.0.1;
					};
				};
			};
			buildConfigurationList = DEDCAFF82C1F967100B4A684 /* Build configuration list for PBXProject "sports-odds-client" */;
			compatibilityVersion = "Xcode 14.0";
			developmentRegion = en;
			hasScannedForEncodings = 0;
			knownRegions = (
				en,
				Base,
			);
			mainGroup = DEDCAFF42C1F967100B4A684;
			productRefGroup = DEDCAFFE2C1F967100B4A684 /* Products */;
			projectDirPath = "";
			projectRoot = "";
			targets = (
				DEDCAFFC2C1F967100B4A684 /* sports-odds-client */,
			);
		};
/* End PBXProject section */

/* Begin PBXResourcesBuildPhase section */
		DEDCAFFB2C1F967100B4A684 /* Resources */ = {
			isa = PBXResourcesBuildPhase;
			buildActionMask = 2147483647;
			files = (
				DEDCB0082C1F967400B4A684 /* Preview Assets.xcassets in Resources */,
				DEDCB0052C1F967400B4A684 /* Assets.xcassets in Resources */,
			);
			runOnlyForDeploymentPostprocessing = 0;
		};
/* End PBXResourcesBuildPhase section */

/* Begin PBXSourcesBuildPhase section */
		DEDCAFF92C1F967100B4A684 /* Sources */ = {
			isa = PBXSourcesBuildPhase;
			buildActionMask = 2147483647;
			files = (
				DEDCB0282C1F9AAF00B4A684 /* DataLoader.swift in Sources */,
				DEDCB0372C1FABFE00B4A684 /* Environment.swift in Sources */,
				DEDCB02C2C1F9AF900B4A684 /* Odds.swift in Sources */,
				DEDCB0242C1F9AAF00B4A684 /* RemoteImageLoader.swift in Sources */,
				DEDCB0252C1F9AAF00B4A684 /* DataMapper.swift in Sources */,
				DEDCB0152C1F97E400B4A684 /* HomeView.swift in Sources */,
				DEDCB0012C1F967100B4A684 /* sports_odds_clientApp.swift in Sources */,
				DEDCB01C2C1F99CB00B4A684 /* HTTPClient.swift in Sources */,
				DEDCB01D2C1F99CB00B4A684 /* URLSessionHTTPClient.swift in Sources */,
				DEDCB02F2C1F9CCD00B4A684 /* RemoteDataError.swift in Sources */,
				DEDCB0272C1F9AAF00B4A684 /* DataError.swift in Sources */,
				DEDCB02B2C1F9AF900B4A684 /* OddsResponse.swift in Sources */,
				DEDCB0262C1F9AAF00B4A684 /* ImageLoader.swift in Sources */,
				DEDCB0302C1F9CCD00B4A684 /* RemoteOddsFeedLoader.swift in Sources */,
				DEDCB0352C1FA06200B4A684 /* HomeViewModel.swift in Sources */,
				DEDCB01E2C1F99CB00B4A684 /* NetworkError.swift in Sources */,
			);
			runOnlyForDeploymentPostprocessing = 0;
		};
/* End PBXSourcesBuildPhase section */

/* Begin XCBuildConfiguration section */
		DEDCB0092C1F967400B4A684 /* Debug */ = {
			isa = XCBuildConfiguration;
			buildSettings = {
				ALWAYS_SEARCH_USER_PATHS = NO;
				ASSETCATALOG_COMPILER_GENERATE_SWIFT_ASSET_SYMBOL_EXTENSIONS = YES;
				CLANG_ANALYZER_NONNULL = YES;
				CLANG_ANALYZER_NUMBER_OBJECT_CONVERSION = YES_AGGRESSIVE;
				CLANG_CXX_LANGUAGE_STANDARD = "gnu++20";
				CLANG_ENABLE_MODULES = YES;
				CLANG_ENABLE_OBJC_ARC = YES;
				CLANG_ENABLE_OBJC_WEAK = YES;
				CLANG_WARN_BLOCK_CAPTURE_AUTORELEASING = YES;
				CLANG_WARN_BOOL_CONVERSION = YES;
				CLANG_WARN_COMMA = YES;
				CLANG_WARN_CONSTANT_CONVERSION = YES;
				CLANG_WARN_DEPRECATED_OBJC_IMPLEMENTATIONS = YES;
				CLANG_WARN_DIRECT_OBJC_ISA_USAGE = YES_ERROR;
				CLANG_WARN_DOCUMENTATION_COMMENTS = YES;
				CLANG_WARN_EMPTY_BODY = YES;
				CLANG_WARN_ENUM_CONVERSION = YES;
				CLANG_WARN_INFINITE_RECURSION = YES;
				CLANG_WARN_INT_CONVERSION = YES;
				CLANG_WARN_NON_LITERAL_NULL_CONVERSION = YES;
				CLANG_WARN_OBJC_IMPLICIT_RETAIN_SELF = YES;
				CLANG_WARN_OBJC_LITERAL_CONVERSION = YES;
				CLANG_WARN_OBJC_ROOT_CLASS = YES_ERROR;
				CLANG_WARN_QUOTED_INCLUDE_IN_FRAMEWORK_HEADER = YES;
				CLANG_WARN_RANGE_LOOP_ANALYSIS = YES;
				CLANG_WARN_STRICT_PROTOTYPES = YES;
				CLANG_WARN_SUSPICIOUS_MOVE = YES;
				CLANG_WARN_UNGUARDED_AVAILABILITY = YES_AGGRESSIVE;
				CLANG_WARN_UNREACHABLE_CODE = YES;
				CLANG_WARN__DUPLICATE_METHOD_MATCH = YES;
				COPY_PHASE_STRIP = NO;
				DEBUG_INFORMATION_FORMAT = dwarf;
				ENABLE_STRICT_OBJC_MSGSEND = YES;
				ENABLE_TESTABILITY = YES;
				ENABLE_USER_SCRIPT_SANDBOXING = YES;
				GCC_C_LANGUAGE_STANDARD = gnu17;
				GCC_DYNAMIC_NO_PIC = NO;
				GCC_NO_COMMON_BLOCKS = YES;
				GCC_OPTIMIZATION_LEVEL = 0;
				GCC_PREPROCESSOR_DEFINITIONS = (
					"DEBUG=1",
					"$(inherited)",
				);
				GCC_WARN_64_TO_32_BIT_CONVERSION = YES;
				GCC_WARN_ABOUT_RETURN_TYPE = YES_ERROR;
				GCC_WARN_UNDECLARED_SELECTOR = YES;
				GCC_WARN_UNINITIALIZED_AUTOS = YES_AGGRESSIVE;
				GCC_WARN_UNUSED_FUNCTION = YES;
				GCC_WARN_UNUSED_VARIABLE = YES;
				IPHONEOS_DEPLOYMENT_TARGET = 17.0;
				LOCALIZATION_PREFERS_STRING_CATALOGS = YES;
				MTL_ENABLE_DEBUG_INFO = INCLUDE_SOURCE;
				MTL_FAST_MATH = YES;
				ONLY_ACTIVE_ARCH = YES;
				SDKROOT = iphoneos;
				SWIFT_ACTIVE_COMPILATION_CONDITIONS = "DEBUG $(inherited)";
				SWIFT_OPTIMIZATION_LEVEL = "-Onone";
			};
			name = Debug;
		};
		DEDCB00A2C1F967400B4A684 /* Release */ = {
			isa = XCBuildConfiguration;
			buildSettings = {
				ALWAYS_SEARCH_USER_PATHS = NO;
				ASSETCATALOG_COMPILER_GENERATE_SWIFT_ASSET_SYMBOL_EXTENSIONS = YES;
				CLANG_ANALYZER_NONNULL = YES;
				CLANG_ANALYZER_NUMBER_OBJECT_CONVERSION = YES_AGGRESSIVE;
				CLANG_CXX_LANGUAGE_STANDARD = "gnu++20";
				CLANG_ENABLE_MODULES = YES;
				CLANG_ENABLE_OBJC_ARC = YES;
				CLANG_ENABLE_OBJC_WEAK = YES;
				CLANG_WARN_BLOCK_CAPTURE_AUTORELEASING = YES;
				CLANG_WARN_BOOL_CONVERSION = YES;
				CLANG_WARN_COMMA = YES;
				CLANG_WARN_CONSTANT_CONVERSION = YES;
				CLANG_WARN_DEPRECATED_OBJC_IMPLEMENTATIONS = YES;
				CLANG_WARN_DIRECT_OBJC_ISA_USAGE = YES_ERROR;
				CLANG_WARN_DOCUMENTATION_COMMENTS = YES;
				CLANG_WARN_EMPTY_BODY = YES;
				CLANG_WARN_ENUM_CONVERSION = YES;
				CLANG_WARN_INFINITE_RECURSION = YES;
				CLANG_WARN_INT_CONVERSION = YES;
				CLANG_WARN_NON_LITERAL_NULL_CONVERSION = YES;
				CLANG_WARN_OBJC_IMPLICIT_RETAIN_SELF = YES;
				CLANG_WARN_OBJC_LITERAL_CONVERSION = YES;
				CLANG_WARN_OBJC_ROOT_CLASS = YES_ERROR;
				CLANG_WARN_QUOTED_INCLUDE_IN_FRAMEWORK_HEADER = YES;
				CLANG_WARN_RANGE_LOOP_ANALYSIS = YES;
				CLANG_WARN_STRICT_PROTOTYPES = YES;
				CLANG_WARN_SUSPICIOUS_MOVE = YES;
				CLANG_WARN_UNGUARDED_AVAILABILITY = YES_AGGRESSIVE;
				CLANG_WARN_UNREACHABLE_CODE = YES;
				CLANG_WARN__DUPLICATE_METHOD_MATCH = YES;
				COPY_PHASE_STRIP = NO;
				DEBUG_INFORMATION_FORMAT = "dwarf-with-dsym";
				ENABLE_NS_ASSERTIONS = NO;
				ENABLE_STRICT_OBJC_MSGSEND = YES;
				ENABLE_USER_SCRIPT_SANDBOXING = YES;
				GCC_C_LANGUAGE_STANDARD = gnu17;
				GCC_NO_COMMON_BLOCKS = YES;
				GCC_WARN_64_TO_32_BIT_CONVERSION = YES;
				GCC_WARN_ABOUT_RETURN_TYPE = YES_ERROR;
				GCC_WARN_UNDECLARED_SELECTOR = YES;
				GCC_WARN_UNINITIALIZED_AUTOS = YES_AGGRESSIVE;
				GCC_WARN_UNUSED_FUNCTION = YES;
				GCC_WARN_UNUSED_VARIABLE = YES;
				IPHONEOS_DEPLOYMENT_TARGET = 17.0;
				LOCALIZATION_PREFERS_STRING_CATALOGS = YES;
				MTL_ENABLE_DEBUG_INFO = NO;
				MTL_FAST_MATH = YES;
				SDKROOT = iphoneos;
				SWIFT_COMPILATION_MODE = wholemodule;
				VALIDATE_PRODUCT = YES;
			};
			name = Release;
		};
		DEDCB00C2C1F967400B4A684 /* Debug */ = {
			isa = XCBuildConfiguration;
			buildSettings = {
				ASSETCATALOG_COMPILER_APPICON_NAME = AppIcon;
				ASSETCATALOG_COMPILER_GLOBAL_ACCENT_COLOR_NAME = AccentColor;
				CODE_SIGN_STYLE = Automatic;
				CURRENT_PROJECT_VERSION = 1;
				DEVELOPMENT_ASSET_PATHS = "\"sports-odds-client/Preview Content\"";
				DEVELOPMENT_TEAM = P6UWL5TAWD;
				ENABLE_PREVIEWS = YES;
				GENERATE_INFOPLIST_FILE = YES;
				INFOPLIST_KEY_UIApplicationSceneManifest_Generation = YES;
				INFOPLIST_KEY_UIApplicationSupportsIndirectInputEvents = YES;
				INFOPLIST_KEY_UILaunchScreen_Generation = YES;
				INFOPLIST_KEY_UISupportedInterfaceOrientations_iPad = "UIInterfaceOrientationPortrait UIInterfaceOrientationPortraitUpsideDown UIInterfaceOrientationLandscapeLeft UIInterfaceOrientationLandscapeRight";
				INFOPLIST_KEY_UISupportedInterfaceOrientations_iPhone = "UIInterfaceOrientationPortrait UIInterfaceOrientationLandscapeLeft UIInterfaceOrientationLandscapeRight";
				LD_RUNPATH_SEARCH_PATHS = (
					"$(inherited)",
					"@executable_path/Frameworks",
				);
				MARKETING_VERSION = 1.0;
				PRODUCT_BUNDLE_IDENTIFIER = "mickens.sports-odds-client";
				PRODUCT_NAME = "$(TARGET_NAME)";
				SWIFT_EMIT_LOC_STRINGS = YES;
				SWIFT_VERSION = 5.0;
				TARGETED_DEVICE_FAMILY = "1,2";
			};
			name = Debug;
		};
		DEDCB00D2C1F967400B4A684 /* Release */ = {
			isa = XCBuildConfiguration;
			buildSettings = {
				ASSETCATALOG_COMPILER_APPICON_NAME = AppIcon;
				ASSETCATALOG_COMPILER_GLOBAL_ACCENT_COLOR_NAME = AccentColor;
				CODE_SIGN_STYLE = Automatic;
				CURRENT_PROJECT_VERSION = 1;
				DEVELOPMENT_ASSET_PATHS = "\"sports-odds-client/Preview Content\"";
				DEVELOPMENT_TEAM = P6UWL5TAWD;
				ENABLE_PREVIEWS = YES;
				GENERATE_INFOPLIST_FILE = YES;
				INFOPLIST_KEY_UIApplicationSceneManifest_Generation = YES;
				INFOPLIST_KEY_UIApplicationSupportsIndirectInputEvents = YES;
				INFOPLIST_KEY_UILaunchScreen_Generation = YES;
				INFOPLIST_KEY_UISupportedInterfaceOrientations_iPad = "UIInterfaceOrientationPortrait UIInterfaceOrientationPortraitUpsideDown UIInterfaceOrientationLandscapeLeft UIInterfaceOrientationLandscapeRight";
				INFOPLIST_KEY_UISupportedInterfaceOrientations_iPhone = "UIInterfaceOrientationPortrait UIInterfaceOrientationLandscapeLeft UIInterfaceOrientationLandscapeRight";
				LD_RUNPATH_SEARCH_PATHS = (
					"$(inherited)",
					"@executable_path/Frameworks",
				);
				MARKETING_VERSION = 1.0;
				PRODUCT_BUNDLE_IDENTIFIER = "mickens.sports-odds-client";
				PRODUCT_NAME = "$(TARGET_NAME)";
				SWIFT_EMIT_LOC_STRINGS = YES;
				SWIFT_VERSION = 5.0;
				TARGETED_DEVICE_FAMILY = "1,2";
			};
			name = Release;
		};
/* End XCBuildConfiguration section */

/* Begin XCConfigurationList section */
		DEDCAFF82C1F967100B4A684 /* Build configuration list for PBXProject "sports-odds-client" */ = {
			isa = XCConfigurationList;
			buildConfigurations = (
				DEDCB0092C1F967400B4A684 /* Debug */,
				DEDCB00A2C1F967400B4A684 /* Release */,
			);
			defaultConfigurationIsVisible = 0;
			defaultConfigurationName = Release;
		};
		DEDCB00B2C1F967400B4A684 /* Build configuration list for PBXNativeTarget "sports-odds-client" */ = {
			isa = XCConfigurationList;
			buildConfigurations = (
				DEDCB00C2C1F967400B4A684 /* Debug */,
				DEDCB00D2C1F967400B4A684 /* Release */,
			);
			defaultConfigurationIsVisible = 0;
			defaultConfigurationName = Release;
		};
/* End XCConfigurationList section */
	};
	rootObject = DEDCAFF52C1F967100B4A684 /* Project object */;
}
